// !$*UTF8*$!
{
	archiveVersion = 1;
	classes = {
	};
	objectVersion = 77;
	objects = {

/* Begin PBXBuildFile section */
		11D2F5F6C9E84836A1C93446 /* AudioPlaybackEngine.swift in Sources */ = {isa = PBXBuildFile; fileRef = 1617164652AD46BBB0985434 /* AudioPlaybackEngine.swift */; };
		1342335D162AAE3AE48FC7F6 /* AskTheBookView.swift in Sources */ = {isa = PBXBuildFile; fileRef = F09457AAC5A8294956BE279A /* AskTheBookView.swift */; };
		1862FEEB266B007D90EE906D /* PremiumManager.swift in Sources */ = {isa = PBXBuildFile; fileRef = 80F350B98628418D3400D57C /* PremiumManager.swift */; };
		21B9908C3DCCB21FCE3F43A3 /* PublicProfileView.swift in Sources */ = {isa = PBXBuildFile; fileRef = 49B84BF3080B3A6D736FE335 /* PublicProfileView.swift */; };
		22142679272676EC0A4B6390 /* PaywallView.swift in Sources */ = {isa = PBXBuildFile; fileRef = 8CC64E710589043B21A42E83 /* PaywallView.swift */; };
		381B9D7A5FDC247BF5842BD7 /* League.swift in Sources */ = {isa = PBXBuildFile; fileRef = AAF58BFFA23398016D9760DD /* League.swift */; };
		3A7DD835ABD00B6E1EB4B7E9 /* ReferralView.swift in Sources */ = {isa = PBXBuildFile; fileRef = 6A9374E1EB1E3149D24E9E50 /* ReferralView.swift */; };
		3C48A3D34CC18A017C48CFEA /* ExplainParagraphSheet.swift in Sources */ = {isa = PBXBuildFile; fileRef = 500BCDB689A9D8E03A5A6919 /* ExplainParagraphSheet.swift */; };
		4048901605701D46633B0810 /* BookDetailView.swift in Sources */ = {isa = PBXBuildFile; fileRef = 736DB3FA215AC91C7186E0A6 /* BookDetailView.swift */; };
		47C706351E379893C5770B69 /* VocabularyDeckView.swift in Sources */ = {isa = PBXBuildFile; fileRef = 380512E303A4773154506916 /* VocabularyDeckView.swift */; };
		4860903A00211C3B2710058F /* AuthorMetadata.swift in Sources */ = {isa = PBXBuildFile; fileRef = 5DE37818EF974FF98CD12CDA /* AuthorMetadata.swift */; };
		4F09A9953D762816666EC5A5 /* AuthorCard.swift in Sources */ = {isa = PBXBuildFile; fileRef = A2D51164A49C89714C4FB15E /* AuthorCard.swift */; };
		54A4AA06F5D59BC3D94CA0CD /* ReadingRecap.swift in Sources */ = {isa = PBXBuildFile; fileRef = 469FB014E55A363403FCF862 /* ReadingRecap.swift */; };
		5632A9B63F6ABCC80AF9B6E2 /* BookRAGService.swift in Sources */ = {isa = PBXBuildFile; fileRef = DDE4ADE8955883414F68F570 /* BookRAGService.swift */; };
		5784CFB144B8A8B8F125E293 /* Season.swift in Sources */ = {isa = PBXBuildFile; fileRef = C12D0F57813B1BB3C9D89E57 /* Season.swift */; };
		5AA3D3E30CF61C1D90F817C1 /* BookHeroSection.swift in Sources */ = {isa = PBXBuildFile; fileRef = 8F84A38F6EF42C02C1A3C5C3 /* BookHeroSection.swift */; };
		60569CCD8FFF4DE2B0D12209 /* WordAlignmentEngine.swift in Sources */ = {isa = PBXBuildFile; fileRef = 0B430FC7476040ACA2AFA230 /* WordAlignmentEngine.swift */; };
		AA11BB22CC33DD44EE550060 /* TextBlockClassifier.swift in Sources */ = {isa = PBXBuildFile; fileRef = AA11BB22CC33DD44EE550061 /* TextBlockClassifier.swift */; };
		AA11BB22CC33DD44EE550062 /* AudioBoilerplateGater.swift in Sources */ = {isa = PBXBuildFile; fileRef = AA11BB22CC33DD44EE550063 /* AudioBoilerplateGater.swift */; };
		AA11BB22CC33DD44EE550064 /* AudiobookAlignmentService.swift in Sources */ = {isa = PBXBuildFile; fileRef = AA11BB22CC33DD44EE550065 /* AudiobookAlignmentService.swift */; };
		BB22CC33DD44EE55FF660070 /* AddPhysicalBookView.swift in Sources */ = {isa = PBXBuildFile; fileRef = BB22CC33DD44EE55FF660071 /* AddPhysicalBookView.swift */; };
		BB22CC33DD44EE55FF660072 /* PhysicalBookTrackerView.swift in Sources */ = {isa = PBXBuildFile; fileRef = BB22CC33DD44EE55FF660073 /* PhysicalBookTrackerView.swift */; };
		62F34CAA2F612FEB00B92831 /* ReadingUnit.swift in Sources */ = {isa = PBXBuildFile; fileRef = 62F34C982F612FEB00B92831 /* ReadingUnit.swift */; };
		62F34CAB2F612FEB00B92831 /* ProfileView.swift in Sources */ = {isa = PBXBuildFile; fileRef = 62F34C882F612FEB00B92831 /* ProfileView.swift */; };
		62F34CAC2F612FEB00B92831 /* LibraryView.swift in Sources */ = {isa = PBXBuildFile; fileRef = 62F34C842F612FEB00B92831 /* LibraryView.swift */; };
		62F34CAD2F612FEB00B92831 /* Book.swift in Sources */ = {isa = PBXBuildFile; fileRef = 62F34C912F612FEB00B92831 /* Book.swift */; };
		62F34CAE2F612FEB00B92831 /* FeatureFlags.swift in Sources */ = {isa = PBXBuildFile; fileRef = 62F34CA72F612FEB00B92831 /* FeatureFlags.swift */; };
		62F34CAF2F612FEB00B92831 /* ReactionSheet.swift in Sources */ = {isa = PBXBuildFile; fileRef = 62F34C8A2F612FEB00B92831 /* ReactionSheet.swift */; };
		62F34CB02F612FEB00B92831 /* Extensions.swift in Sources */ = {isa = PBXBuildFile; fileRef = 62F34C802F612FEB00B92831 /* Extensions.swift */; };
		62F34CB12F612FEB00B92831 /* Reaction.swift in Sources */ = {isa = PBXBuildFile; fileRef = 62F34C962F612FEB00B92831 /* Reaction.swift */; };
		62F34CB22F612FEB00B92831 /* StreakCalculator.swift in Sources */ = {isa = PBXBuildFile; fileRef = 62F34CA52F612FEB00B92831 /* StreakCalculator.swift */; };
		62F34CB32F612FEB00B92831 /* SeedCatalog.swift in Sources */ = {isa = PBXBuildFile; fileRef = 62F34C9B2F612FEB00B92831 /* SeedCatalog.swift */; };
		62F34CB42F612FEB00B92831 /* HighlightsView.swift in Sources */ = {isa = PBXBuildFile; fileRef = 62F34C822F612FEB00B92831 /* HighlightsView.swift */; };
		62F34CB52F612FEB00B92831 /* IngestionPipeline.swift in Sources */ = {isa = PBXBuildFile; fileRef = 62F34CA22F612FEB00B92831 /* IngestionPipeline.swift */; };
		62F34CB62F612FEB00B92831 /* TodayView.swift in Sources */ = {isa = PBXBuildFile; fileRef = 62F34C8E2F612FEB00B92831 /* TodayView.swift */; };
		62F34CB72F612FEB00B92831 /* Color+Hex.swift in Sources */ = {isa = PBXBuildFile; fileRef = 62F34C7F2F612FEB00B92831 /* Color+Hex.swift */; };
		62F34CB82F612FEB00B92831 /* Highlight.swift in Sources */ = {isa = PBXBuildFile; fileRef = 62F34C942F612FEB00B92831 /* Highlight.swift */; };
		62F34CB92F612FEB00B92831 /* SpineApp.swift in Sources */ = {isa = PBXBuildFile; fileRef = 62F34C7A2F612FEB00B92831 /* SpineApp.swift */; };
		62F34CBA2F612FEB00B92831 /* ReadingProgress.swift in Sources */ = {isa = PBXBuildFile; fileRef = 62F34C972F612FEB00B92831 /* ReadingProgress.swift */; };
		62F34CBB2F612FEB00B92831 /* OnboardingView.swift in Sources */ = {isa = PBXBuildFile; fileRef = 62F34C862F612FEB00B92831 /* OnboardingView.swift */; };
		62F34CBC2F612FEB00B92831 /* EPUBModels.swift in Sources */ = {isa = PBXBuildFile; fileRef = 62F34C9E2F612FEB00B92831 /* EPUBModels.swift */; };
		62F34CBD2F612FEB00B92831 /* EPUBParser.swift in Sources */ = {isa = PBXBuildFile; fileRef = 62F34C9F2F612FEB00B92831 /* EPUBParser.swift */; };
		62F34CBE2F612FEB00B92831 /* SegmentationEngine.swift in Sources */ = {isa = PBXBuildFile; fileRef = 62F34CA42F612FEB00B92831 /* SegmentationEngine.swift */; };
		62F34CBF2F612FEB00B92831 /* QuoteSave.swift in Sources */ = {isa = PBXBuildFile; fileRef = 62F34C952F612FEB00B92831 /* QuoteSave.swift */; };
		62F34CC02F612FEB00B92831 /* AnalyticsService.swift in Sources */ = {isa = PBXBuildFile; fileRef = 62F34CA12F612FEB00B92831 /* AnalyticsService.swift */; };
		62F34CC12F612FEB00B92831 /* Components.swift in Sources */ = {isa = PBXBuildFile; fileRef = 62F34C7C2F612FEB00B92831 /* Components.swift */; };
		62F34CC22F612FEB00B92831 /* DailySession.swift in Sources */ = {isa = PBXBuildFile; fileRef = 62F34C932F612FEB00B92831 /* DailySession.swift */; };
		62F34CC32F612FEB00B92831 /* ReaderView.swift in Sources */ = {isa = PBXBuildFile; fileRef = 62F34C8C2F612FEB00B92831 /* ReaderView.swift */; };
		62F34CC42F612FEB00B92831 /* ContentNormalizer.swift in Sources */ = {isa = PBXBuildFile; fileRef = 62F34C9D2F612FEB00B92831 /* ContentNormalizer.swift */; };
		62F34CC52F612FEB00B92831 /* UserSettings.swift in Sources */ = {isa = PBXBuildFile; fileRef = 62F34C992F612FEB00B92831 /* UserSettings.swift */; };
		62F34CC62F612FEB00B92831 /* DesignTokens.swift in Sources */ = {isa = PBXBuildFile; fileRef = 62F34C7D2F612FEB00B92831 /* DesignTokens.swift */; };
		62F34CC72F612FEB00B92831 /* ProgressTracker.swift in Sources */ = {isa = PBXBuildFile; fileRef = 62F34CA32F612FEB00B92831 /* ProgressTracker.swift */; };
		62F34CC82F612FEB00B92831 /* Chapter.swift in Sources */ = {isa = PBXBuildFile; fileRef = 62F34C922F612FEB00B92831 /* Chapter.swift */; };
		62F34CC92F612FEB00B92831 /* ReadingUnit.swift in Sources */ = {isa = PBXBuildFile; fileRef = 62F34C982F612FEB00B92831 /* ReadingUnit.swift */; };
		62F34CCA2F612FEB00B92831 /* ProfileView.swift in Sources */ = {isa = PBXBuildFile; fileRef = 62F34C882F612FEB00B92831 /* ProfileView.swift */; };
		62F34CCB2F612FEB00B92831 /* LibraryView.swift in Sources */ = {isa = PBXBuildFile; fileRef = 62F34C842F612FEB00B92831 /* LibraryView.swift */; };
		62F34CCC2F612FEB00B92831 /* Book.swift in Sources */ = {isa = PBXBuildFile; fileRef = 62F34C912F612FEB00B92831 /* Book.swift */; };
		62F34CCD2F612FEB00B92831 /* FeatureFlags.swift in Sources */ = {isa = PBXBuildFile; fileRef = 62F34CA72F612FEB00B92831 /* FeatureFlags.swift */; };
		62F34CCE2F612FEB00B92831 /* ReactionSheet.swift in Sources */ = {isa = PBXBuildFile; fileRef = 62F34C8A2F612FEB00B92831 /* ReactionSheet.swift */; };
		62F34CCF2F612FEB00B92831 /* Extensions.swift in Sources */ = {isa = PBXBuildFile; fileRef = 62F34C802F612FEB00B92831 /* Extensions.swift */; };
		62F34CD02F612FEB00B92831 /* Reaction.swift in Sources */ = {isa = PBXBuildFile; fileRef = 62F34C962F612FEB00B92831 /* Reaction.swift */; };
		62F34CD12F612FEB00B92831 /* StreakCalculator.swift in Sources */ = {isa = PBXBuildFile; fileRef = 62F34CA52F612FEB00B92831 /* StreakCalculator.swift */; };
		62F34CD22F612FEB00B92831 /* SeedCatalog.swift in Sources */ = {isa = PBXBuildFile; fileRef = 62F34C9B2F612FEB00B92831 /* SeedCatalog.swift */; };
		62F34CD32F612FEB00B92831 /* HighlightsView.swift in Sources */ = {isa = PBXBuildFile; fileRef = 62F34C822F612FEB00B92831 /* HighlightsView.swift */; };
		62F34CD42F612FEB00B92831 /* IngestionPipeline.swift in Sources */ = {isa = PBXBuildFile; fileRef = 62F34CA22F612FEB00B92831 /* IngestionPipeline.swift */; };
		62F34CD52F612FEB00B92831 /* TodayView.swift in Sources */ = {isa = PBXBuildFile; fileRef = 62F34C8E2F612FEB00B92831 /* TodayView.swift */; };
		62F34CD62F612FEB00B92831 /* Color+Hex.swift in Sources */ = {isa = PBXBuildFile; fileRef = 62F34C7F2F612FEB00B92831 /* Color+Hex.swift */; };
		62F34CD72F612FEB00B92831 /* Highlight.swift in Sources */ = {isa = PBXBuildFile; fileRef = 62F34C942F612FEB00B92831 /* Highlight.swift */; };
		62F34CD82F612FEB00B92831 /* SpineApp.swift in Sources */ = {isa = PBXBuildFile; fileRef = 62F34C7A2F612FEB00B92831 /* SpineApp.swift */; };
		62F34CD92F612FEB00B92831 /* ReadingProgress.swift in Sources */ = {isa = PBXBuildFile; fileRef = 62F34C972F612FEB00B92831 /* ReadingProgress.swift */; };
		62F34CDA2F612FEB00B92831 /* OnboardingView.swift in Sources */ = {isa = PBXBuildFile; fileRef = 62F34C862F612FEB00B92831 /* OnboardingView.swift */; };
		62F34CDB2F612FEB00B92831 /* EPUBModels.swift in Sources */ = {isa = PBXBuildFile; fileRef = 62F34C9E2F612FEB00B92831 /* EPUBModels.swift */; };
		62F34CDC2F612FEB00B92831 /* EPUBParser.swift in Sources */ = {isa = PBXBuildFile; fileRef = 62F34C9F2F612FEB00B92831 /* EPUBParser.swift */; };
		62F34CDD2F612FEB00B92831 /* SegmentationEngine.swift in Sources */ = {isa = PBXBuildFile; fileRef = 62F34CA42F612FEB00B92831 /* SegmentationEngine.swift */; };
		62F34CDE2F612FEB00B92831 /* QuoteSave.swift in Sources */ = {isa = PBXBuildFile; fileRef = 62F34C952F612FEB00B92831 /* QuoteSave.swift */; };
		62F34CDF2F612FEB00B92831 /* AnalyticsService.swift in Sources */ = {isa = PBXBuildFile; fileRef = 62F34CA12F612FEB00B92831 /* AnalyticsService.swift */; };
		62F34CE02F612FEB00B92831 /* Components.swift in Sources */ = {isa = PBXBuildFile; fileRef = 62F34C7C2F612FEB00B92831 /* Components.swift */; };
		62F34CE12F612FEB00B92831 /* DailySession.swift in Sources */ = {isa = PBXBuildFile; fileRef = 62F34C932F612FEB00B92831 /* DailySession.swift */; };
		62F34CE22F612FEB00B92831 /* ReaderView.swift in Sources */ = {isa = PBXBuildFile; fileRef = 62F34C8C2F612FEB00B92831 /* ReaderView.swift */; };
		62F34CE32F612FEB00B92831 /* ContentNormalizer.swift in Sources */ = {isa = PBXBuildFile; fileRef = 62F34C9D2F612FEB00B92831 /* ContentNormalizer.swift */; };
		62F34CE42F612FEB00B92831 /* UserSettings.swift in Sources */ = {isa = PBXBuildFile; fileRef = 62F34C992F612FEB00B92831 /* UserSettings.swift */; };
		62F34CE52F612FEB00B92831 /* DesignTokens.swift in Sources */ = {isa = PBXBuildFile; fileRef = 62F34C7D2F612FEB00B92831 /* DesignTokens.swift */; };
		62F34CE62F612FEB00B92831 /* ProgressTracker.swift in Sources */ = {isa = PBXBuildFile; fileRef = 62F34CA32F612FEB00B92831 /* ProgressTracker.swift */; };
		62F34CE72F612FEB00B92831 /* Chapter.swift in Sources */ = {isa = PBXBuildFile; fileRef = 62F34C922F612FEB00B92831 /* Chapter.swift */; };
		62F34CE82F612FEB00B92831 /* ReadingUnit.swift in Sources */ = {isa = PBXBuildFile; fileRef = 62F34C982F612FEB00B92831 /* ReadingUnit.swift */; };
		62F34CE92F612FEB00B92831 /* ProfileView.swift in Sources */ = {isa = PBXBuildFile; fileRef = 62F34C882F612FEB00B92831 /* ProfileView.swift */; };
		62F34CEA2F612FEB00B92831 /* LibraryView.swift in Sources */ = {isa = PBXBuildFile; fileRef = 62F34C842F612FEB00B92831 /* LibraryView.swift */; };
		62F34CEB2F612FEB00B92831 /* Book.swift in Sources */ = {isa = PBXBuildFile; fileRef = 62F34C912F612FEB00B92831 /* Book.swift */; };
		62F34CEC2F612FEB00B92831 /* FeatureFlags.swift in Sources */ = {isa = PBXBuildFile; fileRef = 62F34CA72F612FEB00B92831 /* FeatureFlags.swift */; };
		62F34CED2F612FEB00B92831 /* ReactionSheet.swift in Sources */ = {isa = PBXBuildFile; fileRef = 62F34C8A2F612FEB00B92831 /* ReactionSheet.swift */; };
		62F34CEE2F612FEB00B92831 /* Extensions.swift in Sources */ = {isa = PBXBuildFile; fileRef = 62F34C802F612FEB00B92831 /* Extensions.swift */; };
		62F34CEF2F612FEB00B92831 /* Reaction.swift in Sources */ = {isa = PBXBuildFile; fileRef = 62F34C962F612FEB00B92831 /* Reaction.swift */; };
		62F34CF02F612FEB00B92831 /* StreakCalculator.swift in Sources */ = {isa = PBXBuildFile; fileRef = 62F34CA52F612FEB00B92831 /* StreakCalculator.swift */; };
		62F34CF12F612FEB00B92831 /* SeedCatalog.swift in Sources */ = {isa = PBXBuildFile; fileRef = 62F34C9B2F612FEB00B92831 /* SeedCatalog.swift */; };
		62F34CF22F612FEB00B92831 /* HighlightsView.swift in Sources */ = {isa = PBXBuildFile; fileRef = 62F34C822F612FEB00B92831 /* HighlightsView.swift */; };
		62F34CF32F612FEB00B92831 /* IngestionPipeline.swift in Sources */ = {isa = PBXBuildFile; fileRef = 62F34CA22F612FEB00B92831 /* IngestionPipeline.swift */; };
		62F34CF42F612FEB00B92831 /* TodayView.swift in Sources */ = {isa = PBXBuildFile; fileRef = 62F34C8E2F612FEB00B92831 /* TodayView.swift */; };
		62F34CF52F612FEB00B92831 /* Color+Hex.swift in Sources */ = {isa = PBXBuildFile; fileRef = 62F34C7F2F612FEB00B92831 /* Color+Hex.swift */; };
		62F34CF62F612FEB00B92831 /* Highlight.swift in Sources */ = {isa = PBXBuildFile; fileRef = 62F34C942F612FEB00B92831 /* Highlight.swift */; };
		62F34CF72F612FEB00B92831 /* SpineApp.swift in Sources */ = {isa = PBXBuildFile; fileRef = 62F34C7A2F612FEB00B92831 /* SpineApp.swift */; };
		62F34CF82F612FEB00B92831 /* ReadingProgress.swift in Sources */ = {isa = PBXBuildFile; fileRef = 62F34C972F612FEB00B92831 /* ReadingProgress.swift */; };
		62F34CF92F612FEB00B92831 /* OnboardingView.swift in Sources */ = {isa = PBXBuildFile; fileRef = 62F34C862F612FEB00B92831 /* OnboardingView.swift */; };
		62F34CFA2F612FEB00B92831 /* EPUBModels.swift in Sources */ = {isa = PBXBuildFile; fileRef = 62F34C9E2F612FEB00B92831 /* EPUBModels.swift */; };
		62F34CFB2F612FEB00B92831 /* EPUBParser.swift in Sources */ = {isa = PBXBuildFile; fileRef = 62F34C9F2F612FEB00B92831 /* EPUBParser.swift */; };
		62F34CFC2F612FEB00B92831 /* SegmentationEngine.swift in Sources */ = {isa = PBXBuildFile; fileRef = 62F34CA42F612FEB00B92831 /* SegmentationEngine.swift */; };
		62F34CFD2F612FEB00B92831 /* QuoteSave.swift in Sources */ = {isa = PBXBuildFile; fileRef = 62F34C952F612FEB00B92831 /* QuoteSave.swift */; };
		62F34CFE2F612FEB00B92831 /* AnalyticsService.swift in Sources */ = {isa = PBXBuildFile; fileRef = 62F34CA12F612FEB00B92831 /* AnalyticsService.swift */; };
		62F34CFF2F612FEB00B92831 /* Components.swift in Sources */ = {isa = PBXBuildFile; fileRef = 62F34C7C2F612FEB00B92831 /* Components.swift */; };
		62F34D002F612FEB00B92831 /* DailySession.swift in Sources */ = {isa = PBXBuildFile; fileRef = 62F34C932F612FEB00B92831 /* DailySession.swift */; };
		62F34D012F612FEB00B92831 /* ReaderView.swift in Sources */ = {isa = PBXBuildFile; fileRef = 62F34C8C2F612FEB00B92831 /* ReaderView.swift */; };
		62F34D022F612FEB00B92831 /* ContentNormalizer.swift in Sources */ = {isa = PBXBuildFile; fileRef = 62F34C9D2F612FEB00B92831 /* ContentNormalizer.swift */; };
		62F34D032F612FEB00B92831 /* UserSettings.swift in Sources */ = {isa = PBXBuildFile; fileRef = 62F34C992F612FEB00B92831 /* UserSettings.swift */; };
		62F34D042F612FEB00B92831 /* DesignTokens.swift in Sources */ = {isa = PBXBuildFile; fileRef = 62F34C7D2F612FEB00B92831 /* DesignTokens.swift */; };
		62F34D052F612FEB00B92831 /* ProgressTracker.swift in Sources */ = {isa = PBXBuildFile; fileRef = 62F34CA32F612FEB00B92831 /* ProgressTracker.swift */; };
		62F34D062F612FEB00B92831 /* Chapter.swift in Sources */ = {isa = PBXBuildFile; fileRef = 62F34C922F612FEB00B92831 /* Chapter.swift */; };
		62F34D092F6130B000B92831 /* Info.plist in Resources */ = {isa = PBXBuildFile; fileRef = 62F34D072F6130B000B92831 /* Info.plist */; };
		62F34D0A2F6130B000B92831 /* Info.plist in Resources */ = {isa = PBXBuildFile; fileRef = 62F34D072F6130B000B92831 /* Info.plist */; };
		62F34D3002F614A000B92831 /* AchievementGallery.swift in Sources */ = {isa = PBXBuildFile; fileRef = 62F34D2002F614A000B92831 /* AchievementGallery.swift */; };
		62F34D3012F614A000B92831 /* CelebrationOverlay.swift in Sources */ = {isa = PBXBuildFile; fileRef = 62F34D2012F614A000B92831 /* CelebrationOverlay.swift */; };
		62F34D3022F614A000B92831 /* XPProgressBar.swift in Sources */ = {isa = PBXBuildFile; fileRef = 62F34D2022F614A000B92831 /* XPProgressBar.swift */; };
		62F34D3032F614A000B92831 /* XPToast.swift in Sources */ = {isa = PBXBuildFile; fileRef = 62F34D2032F614A000B92831 /* XPToast.swift */; };
		62F34D3042F614A000B92831 /* ForYouView.swift in Sources */ = {isa = PBXBuildFile; fileRef = 62F34D2042F614A000B92831 /* ForYouView.swift */; };
		62F34D3052F614A000B92831 /* TasteOnboardingView.swift in Sources */ = {isa = PBXBuildFile; fileRef = 62F34D2052F614A000B92831 /* TasteOnboardingView.swift */; };
		62F34D3062F614A000B92831 /* MicroReasonSheet.swift in Sources */ = {isa = PBXBuildFile; fileRef = 62F34D2062F614A000B92831 /* MicroReasonSheet.swift */; };
		62F34D3072F614A000B92831 /* BookInteraction.swift in Sources */ = {isa = PBXBuildFile; fileRef = 62F34D2072F614A000B92831 /* BookInteraction.swift */; };
		62F34D3082F614A000B92831 /* UserTasteProfile.swift in Sources */ = {isa = PBXBuildFile; fileRef = 62F34D2082F614A000B92831 /* UserTasteProfile.swift */; };
		62F34D3092F614A000B92831 /* XPProfile.swift in Sources */ = {isa = PBXBuildFile; fileRef = 62F34D2092F614A000B92831 /* XPProfile.swift */; };
		62F34D30A2F614A000B92831 /* AchievementEngine.swift in Sources */ = {isa = PBXBuildFile; fileRef = 62F34D20A2F614A000B92831 /* AchievementEngine.swift */; };
		62F34D30B2F614A000B92831 /* EmbeddingService.swift in Sources */ = {isa = PBXBuildFile; fileRef = 62F34D20B2F614A000B92831 /* EmbeddingService.swift */; };
		62F34D30C2F614A000B92831 /* RecommendationService.swift in Sources */ = {isa = PBXBuildFile; fileRef = 62F34D20C2F614A000B92831 /* RecommendationService.swift */; };
		62F34D30D2F614A000B92831 /* XPEngine.swift in Sources */ = {isa = PBXBuildFile; fileRef = 62F34D20D2F614A000B92831 /* XPEngine.swift */; };
		62F34D4002F614A000B92831 /* AchievementGallery.swift in Sources */ = {isa = PBXBuildFile; fileRef = 62F34D2002F614A000B92831 /* AchievementGallery.swift */; };
		62F34D4012F614A000B92831 /* CelebrationOverlay.swift in Sources */ = {isa = PBXBuildFile; fileRef = 62F34D2012F614A000B92831 /* CelebrationOverlay.swift */; };
		62F34D4022F614A000B92831 /* XPProgressBar.swift in Sources */ = {isa = PBXBuildFile; fileRef = 62F34D2022F614A000B92831 /* XPProgressBar.swift */; };
		62F34D4032F614A000B92831 /* XPToast.swift in Sources */ = {isa = PBXBuildFile; fileRef = 62F34D2032F614A000B92831 /* XPToast.swift */; };
		62F34D4042F614A000B92831 /* ForYouView.swift in Sources */ = {isa = PBXBuildFile; fileRef = 62F34D2042F614A000B92831 /* ForYouView.swift */; };
		62F34D4052F614A000B92831 /* TasteOnboardingView.swift in Sources */ = {isa = PBXBuildFile; fileRef = 62F34D2052F614A000B92831 /* TasteOnboardingView.swift */; };
		62F34D4062F614A000B92831 /* MicroReasonSheet.swift in Sources */ = {isa = PBXBuildFile; fileRef = 62F34D2062F614A000B92831 /* MicroReasonSheet.swift */; };
		62F34D4072F614A000B92831 /* BookInteraction.swift in Sources */ = {isa = PBXBuildFile; fileRef = 62F34D2072F614A000B92831 /* BookInteraction.swift */; };
		62F34D4082F614A000B92831 /* UserTasteProfile.swift in Sources */ = {isa = PBXBuildFile; fileRef = 62F34D2082F614A000B92831 /* UserTasteProfile.swift */; };
		62F34D4092F614A000B92831 /* XPProfile.swift in Sources */ = {isa = PBXBuildFile; fileRef = 62F34D2092F614A000B92831 /* XPProfile.swift */; };
		62F34D40A2F614A000B92831 /* AchievementEngine.swift in Sources */ = {isa = PBXBuildFile; fileRef = 62F34D20A2F614A000B92831 /* AchievementEngine.swift */; };
		62F34D40B2F614A000B92831 /* EmbeddingService.swift in Sources */ = {isa = PBXBuildFile; fileRef = 62F34D20B2F614A000B92831 /* EmbeddingService.swift */; };
		62F34D40C2F614A000B92831 /* RecommendationService.swift in Sources */ = {isa = PBXBuildFile; fileRef = 62F34D20C2F614A000B92831 /* RecommendationService.swift */; };
		62F34D40D2F614A000B92831 /* XPEngine.swift in Sources */ = {isa = PBXBuildFile; fileRef = 62F34D20D2F614A000B92831 /* XPEngine.swift */; };
		62F34D5002F614A000B92831 /* AchievementGallery.swift in Sources */ = {isa = PBXBuildFile; fileRef = 62F34D2002F614A000B92831 /* AchievementGallery.swift */; };
		62F34D5012F614A000B92831 /* CelebrationOverlay.swift in Sources */ = {isa = PBXBuildFile; fileRef = 62F34D2012F614A000B92831 /* CelebrationOverlay.swift */; };
		62F34D5022F614A000B92831 /* XPProgressBar.swift in Sources */ = {isa = PBXBuildFile; fileRef = 62F34D2022F614A000B92831 /* XPProgressBar.swift */; };
		62F34D5032F614A000B92831 /* XPToast.swift in Sources */ = {isa = PBXBuildFile; fileRef = 62F34D2032F614A000B92831 /* XPToast.swift */; };
		62F34D5042F614A000B92831 /* ForYouView.swift in Sources */ = {isa = PBXBuildFile; fileRef = 62F34D2042F614A000B92831 /* ForYouView.swift */; };
		62F34D5052F614A000B92831 /* TasteOnboardingView.swift in Sources */ = {isa = PBXBuildFile; fileRef = 62F34D2052F614A000B92831 /* TasteOnboardingView.swift */; };
		62F34D5062F614A000B92831 /* MicroReasonSheet.swift in Sources */ = {isa = PBXBuildFile; fileRef = 62F34D2062F614A000B92831 /* MicroReasonSheet.swift */; };
		62F34D5072F614A000B92831 /* BookInteraction.swift in Sources */ = {isa = PBXBuildFile; fileRef = 62F34D2072F614A000B92831 /* BookInteraction.swift */; };
		62F34D5082F614A000B92831 /* UserTasteProfile.swift in Sources */ = {isa = PBXBuildFile; fileRef = 62F34D2082F614A000B92831 /* UserTasteProfile.swift */; };
		62F34D5092F614A000B92831 /* XPProfile.swift in Sources */ = {isa = PBXBuildFile; fileRef = 62F34D2092F614A000B92831 /* XPProfile.swift */; };
		62F34D50A2F614A000B92831 /* AchievementEngine.swift in Sources */ = {isa = PBXBuildFile; fileRef = 62F34D20A2F614A000B92831 /* AchievementEngine.swift */; };
		62F34D50B2F614A000B92831 /* EmbeddingService.swift in Sources */ = {isa = PBXBuildFile; fileRef = 62F34D20B2F614A000B92831 /* EmbeddingService.swift */; };
		62F34D50C2F614A000B92831 /* RecommendationService.swift in Sources */ = {isa = PBXBuildFile; fileRef = 62F34D20C2F614A000B92831 /* RecommendationService.swift */; };
		62F34D50D2F614A000B92831 /* XPEngine.swift in Sources */ = {isa = PBXBuildFile; fileRef = 62F34D20D2F614A000B92831 /* XPEngine.swift */; };
		62F3D4532F64C9D90020822E /* MiniZIP.swift in Sources */ = {isa = PBXBuildFile; fileRef = 62F3D4522F64C9D90020822E /* MiniZIP.swift */; };
		62F3D4542F64C9D90020822E /* MiniZIP.swift in Sources */ = {isa = PBXBuildFile; fileRef = 62F3D4522F64C9D90020822E /* MiniZIP.swift */; };
		62F3D4552F64C9D90020822E /* MiniZIP.swift in Sources */ = {isa = PBXBuildFile; fileRef = 62F3D4522F64C9D90020822E /* MiniZIP.swift */; };
		636778EFBA818C5283F4E046 /* DefineWordSheet.swift in Sources */ = {isa = PBXBuildFile; fileRef = 5359E3025C03D2F7E8F4A9B8 /* DefineWordSheet.swift */; };
		741A84012E1F46989A2AA445 /* AudioSyncService.swift in Sources */ = {isa = PBXBuildFile; fileRef = B50772FA4BAB496B9F35764D /* AudioSyncService.swift */; };
		75CC3EAFEC3547DE3F5A2F29 /* BookMemoryIndex.swift in Sources */ = {isa = PBXBuildFile; fileRef = 0203A8C826C26E73ED620EA5 /* BookMemoryIndex.swift */; };
		762B6040B03316FC65F455DD /* VocabularyWord.swift in Sources */ = {isa = PBXBuildFile; fileRef = 07AA04943BAA8FA1019246C2 /* VocabularyWord.swift */; };
		85EED2AF6D660BA3F9848B68 /* ReadingClub.swift in Sources */ = {isa = PBXBuildFile; fileRef = 73472D5324523612BE25C655 /* ReadingClub.swift */; };
		984807F78A60DE3B1AD87CFC /* BookRetrievalTools.swift in Sources */ = {isa = PBXBuildFile; fileRef = 2F655ED6A31FF65958A92A55 /* BookRetrievalTools.swift */; };
		A039FE42964A6F79B0F5EA6A /* CharacterTracker.swift in Sources */ = {isa = PBXBuildFile; fileRef = 00AF11EA23DBA101A7416366 /* CharacterTracker.swift */; };
		AA11BB22CC33DD44EE55FF01 /* BookIntelligence.swift in Sources */ = {isa = PBXBuildFile; fileRef = AA11BB22CC33DD44EE55FF11 /* BookIntelligence.swift */; };
		AA11BB22CC33DD44EE55FF02 /* BookIntelligenceService.swift in Sources */ = {isa = PBXBuildFile; fileRef = AA11BB22CC33DD44EE55FF12 /* BookIntelligenceService.swift */; };
		ACF1BCE15A677CC21450696D /* FoundationModelService.swift in Sources */ = {isa = PBXBuildFile; fileRef = 49D32948560A409B486C3382 /* FoundationModelService.swift */; };
		B946B4F3F85F6ED6272D6F30 /* SelectableTextView.swift in Sources */ = {isa = PBXBuildFile; fileRef = 0FD4B767C7D988BCF986389C /* SelectableTextView.swift */; };
		BB11CC22DD33EE44FF550002 /* BundledLibraryScanner.swift in Sources */ = {isa = PBXBuildFile; fileRef = BB11CC22DD33EE44FF550001 /* BundledLibraryScanner.swift */; };
		BFBEAB4DE7E418A68731D375 /* ShareHighlightSheet.swift in Sources */ = {isa = PBXBuildFile; fileRef = A52D783EB240C0A796C1D290 /* ShareHighlightSheet.swift */; };
		C0E486C58FFD4EBAB97782AA /* AudioSyncModels.swift in Sources */ = {isa = PBXBuildFile; fileRef = E0CDBD64E9824848BD8DD04E /* AudioSyncModels.swift */; };
		C6CB6E4A664D7CAFD0F674D8 /* CodexView.swift in Sources */ = {isa = PBXBuildFile; fileRef = 64F5092AA69FD24A9B33F29E /* CodexView.swift */; };
		C828D137429E27C67064B236 /* ReadingClubView.swift in Sources */ = {isa = PBXBuildFile; fileRef = 06FDBACFE063A24B4637EB4A /* ReadingClubView.swift */; };
		CB04C0B3048D8823C104EC0A /* BookRAGServiceV2.swift in Sources */ = {isa = PBXBuildFile; fileRef = 1F9405EBA36077D6FA6EE454 /* BookRAGServiceV2.swift */; };
		CB3AAA89648F9A1B8FF02984 /* CloudKitSocialService.swift in Sources */ = {isa = PBXBuildFile; fileRef = 3ED93D303536D926EDB81482 /* CloudKitSocialService.swift */; };
		CC11DD22EE33FF44AA550002 /* SettingsView.swift in Sources */ = {isa = PBXBuildFile; fileRef = CC11DD22EE33FF44AA550001 /* SettingsView.swift */; };
		D2F8698F75DDC33F40580BCD /* ReviewSessionView.swift in Sources */ = {isa = PBXBuildFile; fileRef = E59801DD6C6C06ECA9F2A7AE /* ReviewSessionView.swift */; };
		DEEA2A7151784EDDAE68132B /* AudioImportSheet.swift in Sources */ = {isa = PBXBuildFile; fileRef = A6ABFE94C8A9409BB3BF6B83 /* AudioImportSheet.swift */; };
		E682E9448B04E32CC884A1B3 /* PathsView.swift in Sources */ = {isa = PBXBuildFile; fileRef = 75E21C9154B00BAC7CC83F92 /* PathsView.swift */; };
		EBF0FC3047F14D7EA51CE5A7 /* KaraokeTextView.swift in Sources */ = {isa = PBXBuildFile; fileRef = F5FB512E3EA54F25B2066457 /* KaraokeTextView.swift */; };
		ED272EFEEA29257C0C202CDF /* DiscussionView.swift in Sources */ = {isa = PBXBuildFile; fileRef = 2F10FB56A46B367921D44F41 /* DiscussionView.swift */; };
		F2F68EEAB0EBE681AC31987A /* ReadingPath.swift in Sources */ = {isa = PBXBuildFile; fileRef = C2A26C87A95C6C35839F581A /* ReadingPath.swift */; };
		FEE5DEC0A1F933F99DA377C4 /* PathDetailView.swift in Sources */ = {isa = PBXBuildFile; fileRef = 86C9A12D8109B97D0F62BEDE /* PathDetailView.swift */; };
DD11AA22BB33CC44EE550002 /* DownloadService.swift in Sources */ = {isa = PBXBuildFile; fileRef = DD11AA22BB33CC44EE550001 /* DownloadService.swift */; };
		DD11AA22BB33CC44EE550004 /* CatalogView.swift in Sources */ = {isa = PBXBuildFile; fileRef = DD11AA22BB33CC44EE550003 /* CatalogView.swift */; };
DD11AA22BB33CC44EE550006 /* DiscoverCatalog.swift in Sources */ = {isa = PBXBuildFile; fileRef = DD11AA22BB33CC44EE550005 /* DiscoverCatalog.swift */; };
DD11AA22BB33CC44EE550008 /* CoverCacheService.swift in Sources */ = {isa = PBXBuildFile; fileRef = DD11AA22BB33CC44EE550007 /* CoverCacheService.swift */; };
		DD11AA22BB33CC44EE660002 /* GutenbergBookshelf.swift in Sources */ = {isa = PBXBuildFile; fileRef = DD11AA22BB33CC44EE660001 /* GutenbergBookshelf.swift */; };
		DD11AA22BB33CC44EE770002 /* gutenberg_catalog.json in Resources */ = {isa = PBXBuildFile; fileRef = DD11AA22BB33CC44EE770001 /* gutenberg_catalog.json */; };
		DD11AA22BB33CC44EE770004 /* librivox_matches.json in Resources */ = {isa = PBXBuildFile; fileRef = DD11AA22BB33CC44EE770003 /* librivox_matches.json */; };
		AA11BB22CC33DD44EE550010 /* AudiobookChapter.swift in Sources */ = {isa = PBXBuildFile; fileRef = AA11BB22CC33DD44EE550011 /* AudiobookChapter.swift */; };
		AA11BB22CC33DD44EE550020 /* LibriVoxService.swift in Sources */ = {isa = PBXBuildFile; fileRef = AA11BB22CC33DD44EE550021 /* LibriVoxService.swift */; };
		AA11BB22CC33DD44EE550030 /* AudiobookDownloadService.swift in Sources */ = {isa = PBXBuildFile; fileRef = AA11BB22CC33DD44EE550031 /* AudiobookDownloadService.swift */; };
		AA11BB22CC33DD44EE550040 /* AudiobookPlayerView.swift in Sources */ = {isa = PBXBuildFile; fileRef = AA11BB22CC33DD44EE550041 /* AudiobookPlayerView.swift */; };
		AA11BB22CC33DD44EE550050 /* AudioMiniPlayerView.swift in Sources */ = {isa = PBXBuildFile; fileRef = AA11BB22CC33DD44EE550051 /* AudioMiniPlayerView.swift */; };
/* End PBXBuildFile section */

/* Begin PBXContainerItemProxy section */
		62F34BB72F612F6900B92831 /* PBXContainerItemProxy */ = {
			isa = PBXContainerItemProxy;
			containerPortal = 62F34B9D2F612F6800B92831 /* Project object */;
			proxyType = 1;
			remoteGlobalIDString = 62F34BA42F612F6800B92831;
			remoteInfo = Spine;
		};
		62F34BC12F612F6900B92831 /* PBXContainerItemProxy */ = {
			isa = PBXContainerItemProxy;
			containerPortal = 62F34B9D2F612F6800B92831 /* Project object */;
			proxyType = 1;
			remoteGlobalIDString = 62F34BA42F612F6800B92831;
			remoteInfo = Spine;
		};
/* End PBXContainerItemProxy section */

/* Begin PBXFileReference section */
		00AF11EA23DBA101A7416366 /* CharacterTracker.swift */ = {isa = PBXFileReference; lastKnownFileType = sourcecode.swift; path = CharacterTracker.swift; sourceTree = "<group>"; };
		0203A8C826C26E73ED620EA5 /* BookMemoryIndex.swift */ = {isa = PBXFileReference; lastKnownFileType = sourcecode.swift; path = BookMemoryIndex.swift; sourceTree = "<group>"; };
		06FDBACFE063A24B4637EB4A /* ReadingClubView.swift */ = {isa = PBXFileReference; lastKnownFileType = sourcecode.swift; path = ReadingClubView.swift; sourceTree = "<group>"; };
		07AA04943BAA8FA1019246C2 /* VocabularyWord.swift */ = {isa = PBXFileReference; lastKnownFileType = sourcecode.swift; path = VocabularyWord.swift; sourceTree = "<group>"; };
		0B430FC7476040ACA2AFA230 /* WordAlignmentEngine.swift */ = {isa = PBXFileReference; lastKnownFileType = sourcecode.swift; path = WordAlignmentEngine.swift; sourceTree = "<group>"; };
		AA11BB22CC33DD44EE550061 /* TextBlockClassifier.swift */ = {isa = PBXFileReference; lastKnownFileType = sourcecode.swift; path = TextBlockClassifier.swift; sourceTree = "<group>"; };
		AA11BB22CC33DD44EE550063 /* AudioBoilerplateGater.swift */ = {isa = PBXFileReference; lastKnownFileType = sourcecode.swift; path = AudioBoilerplateGater.swift; sourceTree = "<group>"; };
		AA11BB22CC33DD44EE550065 /* AudiobookAlignmentService.swift */ = {isa = PBXFileReference; lastKnownFileType = sourcecode.swift; path = AudiobookAlignmentService.swift; sourceTree = "<group>"; };
		0FD4B767C7D988BCF986389C /* SelectableTextView.swift */ = {isa = PBXFileReference; lastKnownFileType = sourcecode.swift; path = SelectableTextView.swift; sourceTree = "<group>"; };
		1617164652AD46BBB0985434 /* AudioPlaybackEngine.swift */ = {isa = PBXFileReference; lastKnownFileType = sourcecode.swift; path = AudioPlaybackEngine.swift; sourceTree = "<group>"; };
		1F9405EBA36077D6FA6EE454 /* BookRAGServiceV2.swift */ = {isa = PBXFileReference; lastKnownFileType = sourcecode.swift; path = BookRAGServiceV2.swift; sourceTree = "<group>"; };
		2F10FB56A46B367921D44F41 /* DiscussionView.swift */ = {isa = PBXFileReference; lastKnownFileType = sourcecode.swift; path = DiscussionView.swift; sourceTree = "<group>"; };
		2F655ED6A31FF65958A92A55 /* BookRetrievalTools.swift */ = {isa = PBXFileReference; lastKnownFileType = sourcecode.swift; path = BookRetrievalTools.swift; sourceTree = "<group>"; };
		380512E303A4773154506916 /* VocabularyDeckView.swift */ = {isa = PBXFileReference; lastKnownFileType = sourcecode.swift; path = VocabularyDeckView.swift; sourceTree = "<group>"; };
		3ED93D303536D926EDB81482 /* CloudKitSocialService.swift */ = {isa = PBXFileReference; lastKnownFileType = sourcecode.swift; path = CloudKitSocialService.swift; sourceTree = "<group>"; };
		469FB014E55A363403FCF862 /* ReadingRecap.swift */ = {isa = PBXFileReference; lastKnownFileType = sourcecode.swift; path = ReadingRecap.swift; sourceTree = "<group>"; };
		49B84BF3080B3A6D736FE335 /* PublicProfileView.swift */ = {isa = PBXFileReference; lastKnownFileType = sourcecode.swift; path = PublicProfileView.swift; sourceTree = "<group>"; };
		49D32948560A409B486C3382 /* FoundationModelService.swift */ = {isa = PBXFileReference; lastKnownFileType = sourcecode.swift; path = FoundationModelService.swift; sourceTree = "<group>"; };
		500BCDB689A9D8E03A5A6919 /* ExplainParagraphSheet.swift */ = {isa = PBXFileReference; lastKnownFileType = sourcecode.swift; path = ExplainParagraphSheet.swift; sourceTree = "<group>"; };
		5359E3025C03D2F7E8F4A9B8 /* DefineWordSheet.swift */ = {isa = PBXFileReference; lastKnownFileType = sourcecode.swift; path = DefineWordSheet.swift; sourceTree = "<group>"; };
		5DE37818EF974FF98CD12CDA /* AuthorMetadata.swift */ = {isa = PBXFileReference; lastKnownFileType = sourcecode.swift; path = AuthorMetadata.swift; sourceTree = "<group>"; };
		62F34BA52F612F6800B92831 /* Spine.app */ = {isa = PBXFileReference; explicitFileType = wrapper.application; includeInIndex = 0; path = Spine.app; sourceTree = BUILT_PRODUCTS_DIR; };
		62F34BB62F612F6900B92831 /* SpineTests.xctest */ = {isa = PBXFileReference; explicitFileType = wrapper.cfbundle; includeInIndex = 0; path = SpineTests.xctest; sourceTree = BUILT_PRODUCTS_DIR; };
		62F34BC02F612F6900B92831 /* SpineUITests.xctest */ = {isa = PBXFileReference; explicitFileType = wrapper.cfbundle; includeInIndex = 0; path = SpineUITests.xctest; sourceTree = BUILT_PRODUCTS_DIR; };
		62F34C7A2F612FEB00B92831 /* SpineApp.swift */ = {isa = PBXFileReference; lastKnownFileType = sourcecode.swift; path = SpineApp.swift; sourceTree = "<group>"; };
		62F34C7C2F612FEB00B92831 /* Components.swift */ = {isa = PBXFileReference; lastKnownFileType = sourcecode.swift; path = Components.swift; sourceTree = "<group>"; };
		62F34C7D2F612FEB00B92831 /* DesignTokens.swift */ = {isa = PBXFileReference; lastKnownFileType = sourcecode.swift; path = DesignTokens.swift; sourceTree = "<group>"; };
		62F34C7F2F612FEB00B92831 /* Color+Hex.swift */ = {isa = PBXFileReference; lastKnownFileType = sourcecode.swift; path = "Color+Hex.swift"; sourceTree = "<group>"; };
		62F34C802F612FEB00B92831 /* Extensions.swift */ = {isa = PBXFileReference; lastKnownFileType = sourcecode.swift; path = Extensions.swift; sourceTree = "<group>"; };
		62F34C822F612FEB00B92831 /* HighlightsView.swift */ = {isa = PBXFileReference; lastKnownFileType = sourcecode.swift; path = HighlightsView.swift; sourceTree = "<group>"; };
		62F34C842F612FEB00B92831 /* LibraryView.swift */ = {isa = PBXFileReference; lastKnownFileType = sourcecode.swift; path = LibraryView.swift; sourceTree = "<group>"; };
		BB22CC33DD44EE55FF660071 /* AddPhysicalBookView.swift */ = {isa = PBXFileReference; lastKnownFileType = sourcecode.swift; path = AddPhysicalBookView.swift; sourceTree = "<group>"; };
		BB22CC33DD44EE55FF660073 /* PhysicalBookTrackerView.swift */ = {isa = PBXFileReference; lastKnownFileType = sourcecode.swift; path = PhysicalBookTrackerView.swift; sourceTree = "<group>"; };
		62F34C862F612FEB00B92831 /* OnboardingView.swift */ = {isa = PBXFileReference; lastKnownFileType = sourcecode.swift; path = OnboardingView.swift; sourceTree = "<group>"; };
		62F34C882F612FEB00B92831 /* ProfileView.swift */ = {isa = PBXFileReference; lastKnownFileType = sourcecode.swift; path = ProfileView.swift; sourceTree = "<group>"; };
		62F34C8A2F612FEB00B92831 /* ReactionSheet.swift */ = {isa = PBXFileReference; lastKnownFileType = sourcecode.swift; path = ReactionSheet.swift; sourceTree = "<group>"; };
		62F34C8C2F612FEB00B92831 /* ReaderView.swift */ = {isa = PBXFileReference; lastKnownFileType = sourcecode.swift; path = ReaderView.swift; sourceTree = "<group>"; };
		62F34C8E2F612FEB00B92831 /* TodayView.swift */ = {isa = PBXFileReference; lastKnownFileType = sourcecode.swift; path = TodayView.swift; sourceTree = "<group>"; };
		62F34C912F612FEB00B92831 /* Book.swift */ = {isa = PBXFileReference; lastKnownFileType = sourcecode.swift; path = Book.swift; sourceTree = "<group>"; };
		62F34C922F612FEB00B92831 /* Chapter.swift */ = {isa = PBXFileReference; lastKnownFileType = sourcecode.swift; path = Chapter.swift; sourceTree = "<group>"; };
		62F34C932F612FEB00B92831 /* DailySession.swift */ = {isa = PBXFileReference; lastKnownFileType = sourcecode.swift; path = DailySession.swift; sourceTree = "<group>"; };
		62F34C942F612FEB00B92831 /* Highlight.swift */ = {isa = PBXFileReference; lastKnownFileType = sourcecode.swift; path = Highlight.swift; sourceTree = "<group>"; };
		62F34C952F612FEB00B92831 /* QuoteSave.swift */ = {isa = PBXFileReference; lastKnownFileType = sourcecode.swift; path = QuoteSave.swift; sourceTree = "<group>"; };
		62F34C962F612FEB00B92831 /* Reaction.swift */ = {isa = PBXFileReference; lastKnownFileType = sourcecode.swift; path = Reaction.swift; sourceTree = "<group>"; };
		62F34C972F612FEB00B92831 /* ReadingProgress.swift */ = {isa = PBXFileReference; lastKnownFileType = sourcecode.swift; path = ReadingProgress.swift; sourceTree = "<group>"; };
		62F34C982F612FEB00B92831 /* ReadingUnit.swift */ = {isa = PBXFileReference; lastKnownFileType = sourcecode.swift; path = ReadingUnit.swift; sourceTree = "<group>"; };
		62F34C992F612FEB00B92831 /* UserSettings.swift */ = {isa = PBXFileReference; lastKnownFileType = sourcecode.swift; path = UserSettings.swift; sourceTree = "<group>"; };
		62F34C9B2F612FEB00B92831 /* SeedCatalog.swift */ = {isa = PBXFileReference; lastKnownFileType = sourcecode.swift; path = SeedCatalog.swift; sourceTree = "<group>"; };
		62F34C9D2F612FEB00B92831 /* ContentNormalizer.swift */ = {isa = PBXFileReference; lastKnownFileType = sourcecode.swift; path = ContentNormalizer.swift; sourceTree = "<group>"; };
		62F34C9E2F612FEB00B92831 /* EPUBModels.swift */ = {isa = PBXFileReference; lastKnownFileType = sourcecode.swift; path = EPUBModels.swift; sourceTree = "<group>"; };
		62F34C9F2F612FEB00B92831 /* EPUBParser.swift */ = {isa = PBXFileReference; lastKnownFileType = sourcecode.swift; path = EPUBParser.swift; sourceTree = "<group>"; };
		62F34CA12F612FEB00B92831 /* AnalyticsService.swift */ = {isa = PBXFileReference; lastKnownFileType = sourcecode.swift; path = AnalyticsService.swift; sourceTree = "<group>"; };
		62F34CA22F612FEB00B92831 /* IngestionPipeline.swift */ = {isa = PBXFileReference; lastKnownFileType = sourcecode.swift; path = IngestionPipeline.swift; sourceTree = "<group>"; };
		62F34CA32F612FEB00B92831 /* ProgressTracker.swift */ = {isa = PBXFileReference; lastKnownFileType = sourcecode.swift; path = ProgressTracker.swift; sourceTree = "<group>"; };
		62F34CA42F612FEB00B92831 /* SegmentationEngine.swift */ = {isa = PBXFileReference; lastKnownFileType = sourcecode.swift; path = SegmentationEngine.swift; sourceTree = "<group>"; };
		62F34CA52F612FEB00B92831 /* StreakCalculator.swift */ = {isa = PBXFileReference; lastKnownFileType = sourcecode.swift; path = StreakCalculator.swift; sourceTree = "<group>"; };
		62F34CA72F612FEB00B92831 /* FeatureFlags.swift */ = {isa = PBXFileReference; lastKnownFileType = sourcecode.swift; path = FeatureFlags.swift; sourceTree = "<group>"; };
		62F34D072F6130B000B92831 /* Info.plist */ = {isa = PBXFileReference; lastKnownFileType = text.plist.xml; path = Info.plist; sourceTree = "<group>"; };
		62F34D082F6130B000B92831 /* Spine.entitlements */ = {isa = PBXFileReference; lastKnownFileType = text.plist.entitlements; path = Spine.entitlements; sourceTree = "<group>"; };
		62F34D2002F614A000B92831 /* AchievementGallery.swift */ = {isa = PBXFileReference; lastKnownFileType = sourcecode.swift; path = AchievementGallery.swift; sourceTree = "<group>"; };
		62F34D2012F614A000B92831 /* CelebrationOverlay.swift */ = {isa = PBXFileReference; lastKnownFileType = sourcecode.swift; path = CelebrationOverlay.swift; sourceTree = "<group>"; };
		62F34D2022F614A000B92831 /* XPProgressBar.swift */ = {isa = PBXFileReference; lastKnownFileType = sourcecode.swift; path = XPProgressBar.swift; sourceTree = "<group>"; };
		62F34D2032F614A000B92831 /* XPToast.swift */ = {isa = PBXFileReference; lastKnownFileType = sourcecode.swift; path = XPToast.swift; sourceTree = "<group>"; };
		62F34D2042F614A000B92831 /* ForYouView.swift */ = {isa = PBXFileReference; lastKnownFileType = sourcecode.swift; path = ForYouView.swift; sourceTree = "<group>"; };
		62F34D2052F614A000B92831 /* TasteOnboardingView.swift */ = {isa = PBXFileReference; lastKnownFileType = sourcecode.swift; path = TasteOnboardingView.swift; sourceTree = "<group>"; };
		62F34D2062F614A000B92831 /* MicroReasonSheet.swift */ = {isa = PBXFileReference; lastKnownFileType = sourcecode.swift; path = MicroReasonSheet.swift; sourceTree = "<group>"; };
		62F34D2072F614A000B92831 /* BookInteraction.swift */ = {isa = PBXFileReference; lastKnownFileType = sourcecode.swift; path = BookInteraction.swift; sourceTree = "<group>"; };
		62F34D2082F614A000B92831 /* UserTasteProfile.swift */ = {isa = PBXFileReference; lastKnownFileType = sourcecode.swift; path = UserTasteProfile.swift; sourceTree = "<group>"; };
		62F34D2092F614A000B92831 /* XPProfile.swift */ = {isa = PBXFileReference; lastKnownFileType = sourcecode.swift; path = XPProfile.swift; sourceTree = "<group>"; };
		62F34D20A2F614A000B92831 /* AchievementEngine.swift */ = {isa = PBXFileReference; lastKnownFileType = sourcecode.swift; path = AchievementEngine.swift; sourceTree = "<group>"; };
		62F34D20B2F614A000B92831 /* EmbeddingService.swift */ = {isa = PBXFileReference; lastKnownFileType = sourcecode.swift; path = EmbeddingService.swift; sourceTree = "<group>"; };
		62F34D20C2F614A000B92831 /* RecommendationService.swift */ = {isa = PBXFileReference; lastKnownFileType = sourcecode.swift; path = RecommendationService.swift; sourceTree = "<group>"; };
		62F34D20D2F614A000B92831 /* XPEngine.swift */ = {isa = PBXFileReference; lastKnownFileType = sourcecode.swift; path = XPEngine.swift; sourceTree = "<group>"; };
		62F3D4522F64C9D90020822E /* MiniZIP.swift */ = {isa = PBXFileReference; lastKnownFileType = sourcecode.swift; path = MiniZIP.swift; sourceTree = "<group>"; };
		64F5092AA69FD24A9B33F29E /* CodexView.swift */ = {isa = PBXFileReference; lastKnownFileType = sourcecode.swift; path = CodexView.swift; sourceTree = "<group>"; };
		6A9374E1EB1E3149D24E9E50 /* ReferralView.swift */ = {isa = PBXFileReference; lastKnownFileType = sourcecode.swift; path = ReferralView.swift; sourceTree = "<group>"; };
		73472D5324523612BE25C655 /* ReadingClub.swift */ = {isa = PBXFileReference; lastKnownFileType = sourcecode.swift; path = ReadingClub.swift; sourceTree = "<group>"; };
		736DB3FA215AC91C7186E0A6 /* BookDetailView.swift */ = {isa = PBXFileReference; lastKnownFileType = sourcecode.swift; path = BookDetailView.swift; sourceTree = "<group>"; };
		75E21C9154B00BAC7CC83F92 /* PathsView.swift */ = {isa = PBXFileReference; lastKnownFileType = sourcecode.swift; path = PathsView.swift; sourceTree = "<group>"; };
		80F350B98628418D3400D57C /* PremiumManager.swift */ = {isa = PBXFileReference; lastKnownFileType = sourcecode.swift; path = PremiumManager.swift; sourceTree = "<group>"; };
		86C9A12D8109B97D0F62BEDE /* PathDetailView.swift */ = {isa = PBXFileReference; lastKnownFileType = sourcecode.swift; path = PathDetailView.swift; sourceTree = "<group>"; };
		8CC64E710589043B21A42E83 /* PaywallView.swift */ = {isa = PBXFileReference; lastKnownFileType = sourcecode.swift; path = PaywallView.swift; sourceTree = "<group>"; };
		8F84A38F6EF42C02C1A3C5C3 /* BookHeroSection.swift */ = {isa = PBXFileReference; lastKnownFileType = sourcecode.swift; path = BookHeroSection.swift; sourceTree = "<group>"; };
		A2D51164A49C89714C4FB15E /* AuthorCard.swift */ = {isa = PBXFileReference; lastKnownFileType = sourcecode.swift; path = AuthorCard.swift; sourceTree = "<group>"; };
		A52D783EB240C0A796C1D290 /* ShareHighlightSheet.swift */ = {isa = PBXFileReference; lastKnownFileType = sourcecode.swift; path = ShareHighlightSheet.swift; sourceTree = "<group>"; };
		A6ABFE94C8A9409BB3BF6B83 /* AudioImportSheet.swift */ = {isa = PBXFileReference; lastKnownFileType = sourcecode.swift; path = AudioImportSheet.swift; sourceTree = "<group>"; };
		AA11BB22CC33DD44EE55FF11 /* BookIntelligence.swift */ = {isa = PBXFileReference; lastKnownFileType = sourcecode.swift; path = BookIntelligence.swift; sourceTree = "<group>"; };
		AA11BB22CC33DD44EE55FF12 /* BookIntelligenceService.swift */ = {isa = PBXFileReference; lastKnownFileType = sourcecode.swift; path = BookIntelligenceService.swift; sourceTree = "<group>"; };
		AAF58BFFA23398016D9760DD /* League.swift */ = {isa = PBXFileReference; lastKnownFileType = sourcecode.swift; path = League.swift; sourceTree = "<group>"; };
		B50772FA4BAB496B9F35764D /* AudioSyncService.swift */ = {isa = PBXFileReference; lastKnownFileType = sourcecode.swift; path = AudioSyncService.swift; sourceTree = "<group>"; };
		BB11CC22DD33EE44FF550001 /* BundledLibraryScanner.swift */ = {isa = PBXFileReference; lastKnownFileType = sourcecode.swift; path = BundledLibraryScanner.swift; sourceTree = "<group>"; };
		C12D0F57813B1BB3C9D89E57 /* Season.swift */ = {isa = PBXFileReference; lastKnownFileType = sourcecode.swift; path = Season.swift; sourceTree = "<group>"; };
		C2A26C87A95C6C35839F581A /* ReadingPath.swift */ = {isa = PBXFileReference; lastKnownFileType = sourcecode.swift; path = ReadingPath.swift; sourceTree = "<group>"; };
		CC11DD22EE33FF44AA550001 /* SettingsView.swift */ = {isa = PBXFileReference; lastKnownFileType = sourcecode.swift; path = SettingsView.swift; sourceTree = "<group>"; };
		DDE4ADE8955883414F68F570 /* BookRAGService.swift */ = {isa = PBXFileReference; lastKnownFileType = sourcecode.swift; path = BookRAGService.swift; sourceTree = "<group>"; };
		E0CDBD64E9824848BD8DD04E /* AudioSyncModels.swift */ = {isa = PBXFileReference; lastKnownFileType = sourcecode.swift; path = AudioSyncModels.swift; sourceTree = "<group>"; };
		E59801DD6C6C06ECA9F2A7AE /* ReviewSessionView.swift */ = {isa = PBXFileReference; lastKnownFileType = sourcecode.swift; path = ReviewSessionView.swift; sourceTree = "<group>"; };
		F09457AAC5A8294956BE279A /* AskTheBookView.swift */ = {isa = PBXFileReference; lastKnownFileType = sourcecode.swift; path = AskTheBookView.swift; sourceTree = "<group>"; };
		F5FB512E3EA54F25B2066457 /* KaraokeTextView.swift */ = {isa = PBXFileReference; lastKnownFileType = sourcecode.swift; path = KaraokeTextView.swift; sourceTree = "<group>"; };
DD11AA22BB33CC44EE550001 /* DownloadService.swift */ = {isa = PBXFileReference; lastKnownFileType = sourcecode.swift; path = DownloadService.swift; sourceTree = "<group>"; };
		DD11AA22BB33CC44EE550003 /* CatalogView.swift */ = {isa = PBXFileReference; lastKnownFileType = sourcecode.swift; path = CatalogView.swift; sourceTree = "<group>"; };
DD11AA22BB33CC44EE550005 /* DiscoverCatalog.swift */ = {isa = PBXFileReference; lastKnownFileType = sourcecode.swift; path = DiscoverCatalog.swift; sourceTree = "<group>"; };
DD11AA22BB33CC44EE550007 /* CoverCacheService.swift */ = {isa = PBXFileReference; lastKnownFileType = sourcecode.swift; path = CoverCacheService.swift; sourceTree = "<group>"; };
		DD11AA22BB33CC44EE660001 /* GutenbergBookshelf.swift */ = {isa = PBXFileReference; lastKnownFileType = sourcecode.swift; path = GutenbergBookshelf.swift; sourceTree = "<group>"; };
		DD11AA22BB33CC44EE770001 /* gutenberg_catalog.json */ = {isa = PBXFileReference; lastKnownFileType = text.json; path = gutenberg_catalog.json; sourceTree = "<group>"; };
		DD11AA22BB33CC44EE770003 /* librivox_matches.json */ = {isa = PBXFileReference; lastKnownFileType = text.json; path = librivox_matches.json; sourceTree = "<group>"; };
		AA11BB22CC33DD44EE550011 /* AudiobookChapter.swift */ = {isa = PBXFileReference; lastKnownFileType = sourcecode.swift; path = AudiobookChapter.swift; sourceTree = "<group>"; };
		AA11BB22CC33DD44EE550021 /* LibriVoxService.swift */ = {isa = PBXFileReference; lastKnownFileType = sourcecode.swift; path = LibriVoxService.swift; sourceTree = "<group>"; };
		AA11BB22CC33DD44EE550031 /* AudiobookDownloadService.swift */ = {isa = PBXFileReference; lastKnownFileType = sourcecode.swift; path = AudiobookDownloadService.swift; sourceTree = "<group>"; };
		AA11BB22CC33DD44EE550041 /* AudiobookPlayerView.swift */ = {isa = PBXFileReference; lastKnownFileType = sourcecode.swift; path = AudiobookPlayerView.swift; sourceTree = "<group>"; };
		AA11BB22CC33DD44EE550051 /* AudioMiniPlayerView.swift */ = {isa = PBXFileReference; lastKnownFileType = sourcecode.swift; path = AudioMiniPlayerView.swift; sourceTree = "<group>"; };
/* End PBXFileReference section */

/* Begin PBXFileSystemSynchronizedRootGroup section */
		62F34BB92F612F6900B92831 /* SpineTests */ = {
			isa = PBXFileSystemSynchronizedRootGroup;
			path = SpineTests;
			sourceTree = "<group>";
		};
		62F34BC32F612F6900B92831 /* SpineUITests */ = {
			isa = PBXFileSystemSynchronizedRootGroup;
			path = SpineUITests;
			sourceTree = "<group>";
		};
/* End PBXFileSystemSynchronizedRootGroup section */

/* Begin PBXFrameworksBuildPhase section */
		62F34BA22F612F6800B92831 /* Frameworks */ = {
			isa = PBXFrameworksBuildPhase;
			buildActionMask = 2147483647;
			files = (
			);
			runOnlyForDeploymentPostprocessing = 0;
		};
		62F34BB32F612F6900B92831 /* Frameworks */ = {
			isa = PBXFrameworksBuildPhase;
			buildActionMask = 2147483647;
			files = (
			);
			runOnlyForDeploymentPostprocessing = 0;
		};
		62F34BBD2F612F6900B92831 /* Frameworks */ = {
			isa = PBXFrameworksBuildPhase;
			buildActionMask = 2147483647;
			files = (
			);
			runOnlyForDeploymentPostprocessing = 0;
		};
/* End PBXFrameworksBuildPhase section */

/* Begin PBXGroup section */
		163F2DF274330A29F5414946 /* BookDetail */ = {
			isa = PBXGroup;
			children = (
				736DB3FA215AC91C7186E0A6 /* BookDetailView.swift */,
				8F84A38F6EF42C02C1A3C5C3 /* BookHeroSection.swift */,
				A2D51164A49C89714C4FB15E /* AuthorCard.swift */,
			);
			path = BookDetail;
			sourceTree = "<group>";
		};
		345527D41678488B28701A9C /* Social */ = {
			isa = PBXGroup;
			children = (
				6A9374E1EB1E3149D24E9E50 /* ReferralView.swift */,
				49B84BF3080B3A6D736FE335 /* PublicProfileView.swift */,
				2F10FB56A46B367921D44F41 /* DiscussionView.swift */,
				A52D783EB240C0A796C1D290 /* ShareHighlightSheet.swift */,
				06FDBACFE063A24B4637EB4A /* ReadingClubView.swift */,
			);
			path = Social;
			sourceTree = "<group>";
		};
		51D563E627D8D5B0A7FD9C82 /* Premium */ = {
			isa = PBXGroup;
			children = (
				8CC64E710589043B21A42E83 /* PaywallView.swift */,
			);
			path = Premium;
			sourceTree = "<group>";
		};
		62F34B9C2F612F6800B92831 = {
			isa = PBXGroup;
			children = (
				62F34CA92F612FEB00B92831 /* Spine */,
				62F34BB92F612F6900B92831 /* SpineTests */,
				62F34BC32F612F6900B92831 /* SpineUITests */,
				62F34BA62F612F6800B92831 /* Products */,
			);
			sourceTree = "<group>";
		};
		62F34BA62F612F6800B92831 /* Products */ = {
			isa = PBXGroup;
			children = (
				62F34BA52F612F6800B92831 /* Spine.app */,
				62F34BB62F612F6900B92831 /* SpineTests.xctest */,
				62F34BC02F612F6900B92831 /* SpineUITests.xctest */,
			);
			name = Products;
			sourceTree = "<group>";
		};
		62F34C7B2F612FEB00B92831 /* App */ = {
			isa = PBXGroup;
			children = (
				62F34C7A2F612FEB00B92831 /* SpineApp.swift */,
			);
			path = App;
			sourceTree = "<group>";
		};
		62F34C7E2F612FEB00B92831 /* Design */ = {
			isa = PBXGroup;
			children = (
				62F34C7C2F612FEB00B92831 /* Components.swift */,
				62F34C7D2F612FEB00B92831 /* DesignTokens.swift */,
			);
			path = Design;
			sourceTree = "<group>";
		};
		62F34C812F612FEB00B92831 /* Extensions */ = {
			isa = PBXGroup;
			children = (
				62F34C7F2F612FEB00B92831 /* Color+Hex.swift */,
				62F34C802F612FEB00B92831 /* Extensions.swift */,
			);
			path = Extensions;
			sourceTree = "<group>";
		};
		62F34C832F612FEB00B92831 /* Highlights */ = {
			isa = PBXGroup;
			children = (
				62F34C822F612FEB00B92831 /* HighlightsView.swift */,
			);
			path = Highlights;
			sourceTree = "<group>";
		};
		62F34C852F612FEB00B92831 /* Library */ = {
			isa = PBXGroup;
			children = (
				62F34D2042F614A000B92831 /* ForYouView.swift */,
				62F34C842F612FEB00B92831 /* LibraryView.swift */,
				BB22CC33DD44EE55FF660071 /* AddPhysicalBookView.swift */,
				BB22CC33DD44EE55FF660073 /* PhysicalBookTrackerView.swift */,
				DD11AA22BB33CC44EE550003 /* CatalogView.swift */,
				163F2DF274330A29F5414946 /* BookDetail */,
			);
			path = Library;
			sourceTree = "<group>";
		};
		62F34C872F612FEB00B92831 /* Onboarding */ = {
			isa = PBXGroup;
			children = (
				62F34C862F612FEB00B92831 /* OnboardingView.swift */,
				62F34D2052F614A000B92831 /* TasteOnboardingView.swift */,
			);
			path = Onboarding;
			sourceTree = "<group>";
		};
		62F34C892F612FEB00B92831 /* Profile */ = {
			isa = PBXGroup;
			children = (
				62F34C882F612FEB00B92831 /* ProfileView.swift */,
				CC11DD22EE33FF44AA550001 /* SettingsView.swift */,
			);
			path = Profile;
			sourceTree = "<group>";
		};
		62F34C8B2F612FEB00B92831 /* Reactions */ = {
			isa = PBXGroup;
			children = (
				62F34D2062F614A000B92831 /* MicroReasonSheet.swift */,
				62F34C8A2F612FEB00B92831 /* ReactionSheet.swift */,
			);
			path = Reactions;
			sourceTree = "<group>";
		};
		62F34C8D2F612FEB00B92831 /* Reader */ = {
			isa = PBXGroup;
			children = (
				A6ABFE94C8A9409BB3BF6B83 /* AudioImportSheet.swift */,
				F5FB512E3EA54F25B2066457 /* KaraokeTextView.swift */,
				62F34C8C2F612FEB00B92831 /* ReaderView.swift */,
				F09457AAC5A8294956BE279A /* AskTheBookView.swift */,
				64F5092AA69FD24A9B33F29E /* CodexView.swift */,
				5359E3025C03D2F7E8F4A9B8 /* DefineWordSheet.swift */,
				500BCDB689A9D8E03A5A6919 /* ExplainParagraphSheet.swift */,
				0FD4B767C7D988BCF986389C /* SelectableTextView.swift */,
				AA11BB22CC33DD44EE550041 /* AudiobookPlayerView.swift */,
				AA11BB22CC33DD44EE550051 /* AudioMiniPlayerView.swift */,
			);
			path = Reader;
			sourceTree = "<group>";
		};
		62F34C8F2F612FEB00B92831 /* Today */ = {
			isa = PBXGroup;
			children = (
				62F34C8E2F612FEB00B92831 /* TodayView.swift */,
			);
			path = Today;
			sourceTree = "<group>";
		};
		62F34C902F612FEB00B92831 /* Features */ = {
			isa = PBXGroup;
			children = (
				51D563E627D8D5B0A7FD9C82 /* Premium */,
				62F34D602F614A0100B92831 /* Gamification */,
				62F34C832F612FEB00B92831 /* Highlights */,
				62F34C852F612FEB00B92831 /* Library */,
				62F34C872F612FEB00B92831 /* Onboarding */,
				62F34C892F612FEB00B92831 /* Profile */,
				62F34C8B2F612FEB00B92831 /* Reactions */,
				62F34C8D2F612FEB00B92831 /* Reader */,
				345527D41678488B28701A9C /* Social */,
				62F34C8F2F612FEB00B92831 /* Today */,
				8B5E72B1D2B2300A0A109F80 /* Paths */,
				A12C3ED5FE17BD735CCC3841 /* Vocabulary */,
			);
			path = Features;
			sourceTree = "<group>";
		};
		62F34C9A2F612FEB00B92831 /* Models */ = {
			isa = PBXGroup;
			children = (
				C12D0F57813B1BB3C9D89E57 /* Season.swift */,
				AAF58BFFA23398016D9760DD /* League.swift */,
				C2A26C87A95C6C35839F581A /* ReadingPath.swift */,
				07AA04943BAA8FA1019246C2 /* VocabularyWord.swift */,
				E0CDBD64E9824848BD8DD04E /* AudioSyncModels.swift */,
				62F34C912F612FEB00B92831 /* Book.swift */,
				62F34D2072F614A000B92831 /* BookInteraction.swift */,
				62F34C922F612FEB00B92831 /* Chapter.swift */,
				62F34C932F612FEB00B92831 /* DailySession.swift */,
				62F34C942F612FEB00B92831 /* Highlight.swift */,
				5DE37818EF974FF98CD12CDA /* AuthorMetadata.swift */,
				62F34C952F612FEB00B92831 /* QuoteSave.swift */,
				62F34C962F612FEB00B92831 /* Reaction.swift */,
				62F34C972F612FEB00B92831 /* ReadingProgress.swift */,
				62F34C982F612FEB00B92831 /* ReadingUnit.swift */,
				62F34C992F612FEB00B92831 /* UserSettings.swift */,
				469FB014E55A363403FCF862 /* ReadingRecap.swift */,
				73472D5324523612BE25C655 /* ReadingClub.swift */,
				62F34D2082F614A000B92831 /* UserTasteProfile.swift */,
				62F34D2092F614A000B92831 /* XPProfile.swift */,
				AA11BB22CC33DD44EE55FF11 /* BookIntelligence.swift */,
				AA11BB22CC33DD44EE550011 /* AudiobookChapter.swift */,
			);
			path = Models;
			sourceTree = "<group>";
		};
		62F34C9C2F612FEB00B92831 /* SeedData */ = {
			isa = PBXGroup;
			children = (
				62F34C9B2F612FEB00B92831 /* SeedCatalog.swift */,
				DD11AA22BB33CC44EE550005 /* DiscoverCatalog.swift */,
				DD11AA22BB33CC44EE660001 /* GutenbergBookshelf.swift */,
				DD11AA22BB33CC44EE770001 /* gutenberg_catalog.json */,
				DD11AA22BB33CC44EE770003 /* librivox_matches.json */,
			);
			path = SeedData;
			sourceTree = "<group>";
		};
		62F34CA02F612FEB00B92831 /* EPUBParser */ = {
			isa = PBXGroup;
			children = (
				62F34C9D2F612FEB00B92831 /* ContentNormalizer.swift */,
				62F34C9E2F612FEB00B92831 /* EPUBModels.swift */,
				62F34C9F2F612FEB00B92831 /* EPUBParser.swift */,
				62F3D4522F64C9D90020822E /* MiniZIP.swift */,
			);
			path = EPUBParser;
			sourceTree = "<group>";
		};
		62F34CA62F612FEB00B92831 /* Services */ = {
			isa = PBXGroup;
			children = (
				80F350B98628418D3400D57C /* PremiumManager.swift */,
				1617164652AD46BBB0985434 /* AudioPlaybackEngine.swift */,
				0B430FC7476040ACA2AFA230 /* WordAlignmentEngine.swift */,
				B50772FA4BAB496B9F35764D /* AudioSyncService.swift */,
				0203A8C826C26E73ED620EA5 /* BookMemoryIndex.swift */,
				DDE4ADE8955883414F68F570 /* BookRAGService.swift */,
				1F9405EBA36077D6FA6EE454 /* BookRAGServiceV2.swift */,
				2F655ED6A31FF65958A92A55 /* BookRetrievalTools.swift */,
				00AF11EA23DBA101A7416366 /* CharacterTracker.swift */,
				49D32948560A409B486C3382 /* FoundationModelService.swift */,
				62F34CA02F612FEB00B92831 /* EPUBParser */,
				62F34D20A2F614A000B92831 /* AchievementEngine.swift */,
				62F34CA12F612FEB00B92831 /* AnalyticsService.swift */,
				62F34D20B2F614A000B92831 /* EmbeddingService.swift */,
				62F34CA22F612FEB00B92831 /* IngestionPipeline.swift */,
				62F34CA32F612FEB00B92831 /* ProgressTracker.swift */,
				62F34D20C2F614A000B92831 /* RecommendationService.swift */,
				62F34CA42F612FEB00B92831 /* SegmentationEngine.swift */,
				62F34CA52F612FEB00B92831 /* StreakCalculator.swift */,
				3ED93D303536D926EDB81482 /* CloudKitSocialService.swift */,
				62F34D20D2F614A000B92831 /* XPEngine.swift */,
				AA11BB22CC33DD44EE55FF12 /* BookIntelligenceService.swift */,
				BB11CC22DD33EE44FF550001 /* BundledLibraryScanner.swift */,
				DD11AA22BB33CC44EE550001 /* DownloadService.swift */,
				DD11AA22BB33CC44EE550007 /* CoverCacheService.swift */,
				AA11BB22CC33DD44EE550021 /* LibriVoxService.swift */,
				AA11BB22CC33DD44EE550031 /* AudiobookDownloadService.swift */,
				AA11BB22CC33DD44EE550061 /* TextBlockClassifier.swift */,
				AA11BB22CC33DD44EE550063 /* AudioBoilerplateGater.swift */,
				AA11BB22CC33DD44EE550065 /* AudiobookAlignmentService.swift */,
			);
			path = Services;
			sourceTree = "<group>";
		};
		62F34CA82F612FEB00B92831 /* Stubs */ = {
			isa = PBXGroup;
			children = (
				62F34CA72F612FEB00B92831 /* FeatureFlags.swift */,
			);
			path = Stubs;
			sourceTree = "<group>";
		};
		62F34CA92F612FEB00B92831 /* Spine */ = {
			isa = PBXGroup;
			children = (
				62F34D072F6130B000B92831 /* Info.plist */,
				62F34D082F6130B000B92831 /* Spine.entitlements */,
				62F34C7B2F612FEB00B92831 /* App */,
				62F34C7E2F612FEB00B92831 /* Design */,
				62F34C812F612FEB00B92831 /* Extensions */,
				62F34C902F612FEB00B92831 /* Features */,
				62F34C9A2F612FEB00B92831 /* Models */,
				62F34C9C2F612FEB00B92831 /* SeedData */,
				62F34CA62F612FEB00B92831 /* Services */,
				62F34CA82F612FEB00B92831 /* Stubs */,
			);
			path = Spine;
			sourceTree = "<group>";
		};
		62F34D602F614A0100B92831 /* Gamification */ = {
			isa = PBXGroup;
			children = (
				62F34D2002F614A000B92831 /* AchievementGallery.swift */,
				62F34D2012F614A000B92831 /* CelebrationOverlay.swift */,
				62F34D2022F614A000B92831 /* XPProgressBar.swift */,
				62F34D2032F614A000B92831 /* XPToast.swift */,
			);
			path = Gamification;
			sourceTree = "<group>";
		};
		8B5E72B1D2B2300A0A109F80 /* Paths */ = {
			isa = PBXGroup;
			children = (
				75E21C9154B00BAC7CC83F92 /* PathsView.swift */,
				86C9A12D8109B97D0F62BEDE /* PathDetailView.swift */,
			);
			path = Paths;
			sourceTree = "<group>";
		};
		A12C3ED5FE17BD735CCC3841 /* Vocabulary */ = {
			isa = PBXGroup;
			children = (
				380512E303A4773154506916 /* VocabularyDeckView.swift */,
				E59801DD6C6C06ECA9F2A7AE /* ReviewSessionView.swift */,
			);
			path = Vocabulary;
			sourceTree = "<group>";
		};
/* End PBXGroup section */

/* Begin PBXNativeTarget section */
		62F34BA42F612F6800B92831 /* Spine */ = {
			isa = PBXNativeTarget;
			buildConfigurationList = 62F34BC92F612F6900B92831 /* Build configuration list for PBXNativeTarget "Spine" */;
			buildPhases = (
				62F34BA12F612F6800B92831 /* Sources */,
				62F34BA22F612F6800B92831 /* Frameworks */,
				62F34BA32F612F6800B92831 /* Resources */,
			);
			buildRules = (
			);
			dependencies = (
			);
			name = Spine;
			packageProductDependencies = (
			);
			productName = Spine;
			productReference = 62F34BA52F612F6800B92831 /* Spine.app */;
			productType = "com.apple.product-type.application";
		};
		62F34BB52F612F6900B92831 /* SpineTests */ = {
			isa = PBXNativeTarget;
			buildConfigurationList = 62F34BCE2F612F6900B92831 /* Build configuration list for PBXNativeTarget "SpineTests" */;
			buildPhases = (
				62F34BB22F612F6900B92831 /* Sources */,
				62F34BB32F612F6900B92831 /* Frameworks */,
				62F34BB42F612F6900B92831 /* Resources */,
			);
			buildRules = (
			);
			dependencies = (
				62F34BB82F612F6900B92831 /* PBXTargetDependency */,
			);
			fileSystemSynchronizedGroups = (
				62F34BB92F612F6900B92831 /* SpineTests */,
			);
			name = SpineTests;
			packageProductDependencies = (
			);
			productName = SpineTests;
			productReference = 62F34BB62F612F6900B92831 /* SpineTests.xctest */;
			productType = "com.apple.product-type.bundle.unit-test";
		};
		62F34BBF2F612F6900B92831 /* SpineUITests */ = {
			isa = PBXNativeTarget;
			buildConfigurationList = 62F34BD12F612F6900B92831 /* Build configuration list for PBXNativeTarget "SpineUITests" */;
			buildPhases = (
				62F34BBC2F612F6900B92831 /* Sources */,
				62F34BBD2F612F6900B92831 /* Frameworks */,
				62F34BBE2F612F6900B92831 /* Resources */,
			);
			buildRules = (
			);
			dependencies = (
				62F34BC22F612F6900B92831 /* PBXTargetDependency */,
			);
			fileSystemSynchronizedGroups = (
				62F34BC32F612F6900B92831 /* SpineUITests */,
			);
			name = SpineUITests;
			packageProductDependencies = (
			);
			productName = SpineUITests;
			productReference = 62F34BC02F612F6900B92831 /* SpineUITests.xctest */;
			productType = "com.apple.product-type.bundle.ui-testing";
		};
/* End PBXNativeTarget section */

/* Begin PBXProject section */
		62F34B9D2F612F6800B92831 /* Project object */ = {
			isa = PBXProject;
			attributes = {
				BuildIndependentTargetsInParallel = 1;
				LastSwiftUpdateCheck = 2630;
				LastUpgradeCheck = 2630;
				TargetAttributes = {
					62F34BA42F612F6800B92831 = {
						CreatedOnToolsVersion = 26.3;
					};
					62F34BB52F612F6900B92831 = {
						CreatedOnToolsVersion = 26.3;
						TestTargetID = 62F34BA42F612F6800B92831;
					};
					62F34BBF2F612F6900B92831 = {
						CreatedOnToolsVersion = 26.3;
						TestTargetID = 62F34BA42F612F6800B92831;
					};
				};
			};
			buildConfigurationList = 62F34BA02F612F6800B92831 /* Build configuration list for PBXProject "Spine" */;
			developmentRegion = en;
			hasScannedForEncodings = 0;
			knownRegions = (
				en,
				Base,
			);
			mainGroup = 62F34B9C2F612F6800B92831;
			minimizedProjectReferenceProxies = 1;
			packageReferences = (
			);
			preferredProjectObjectVersion = 77;
			productRefGroup = 62F34BA62F612F6800B92831 /* Products */;
			projectDirPath = "";
			projectRoot = "";
			targets = (
				62F34BA42F612F6800B92831 /* Spine */,
				62F34BB52F612F6900B92831 /* SpineTests */,
				62F34BBF2F612F6900B92831 /* SpineUITests */,
			);
		};
/* End PBXProject section */

/* Begin PBXResourcesBuildPhase section */
		62F34BA32F612F6800B92831 /* Resources */ = {
			isa = PBXResourcesBuildPhase;
			buildActionMask = 2147483647;
			files = (
				DD11AA22BB33CC44EE770002 /* gutenberg_catalog.json in Resources */,
				DD11AA22BB33CC44EE770004 /* librivox_matches.json in Resources */,
			);
			runOnlyForDeploymentPostprocessing = 0;
		};
		62F34BB42F612F6900B92831 /* Resources */ = {
			isa = PBXResourcesBuildPhase;
			buildActionMask = 2147483647;
			files = (
				62F34D092F6130B000B92831 /* Info.plist in Resources */,
			);
			runOnlyForDeploymentPostprocessing = 0;
		};
		62F34BBE2F612F6900B92831 /* Resources */ = {
			isa = PBXResourcesBuildPhase;
			buildActionMask = 2147483647;
			files = (
				62F34D0A2F6130B000B92831 /* Info.plist in Resources */,
			);
			runOnlyForDeploymentPostprocessing = 0;
		};
/* End PBXResourcesBuildPhase section */

/* Begin PBXSourcesBuildPhase section */
		62F34BA12F612F6800B92831 /* Sources */ = {
			isa = PBXSourcesBuildPhase;
			buildActionMask = 2147483647;
			files = (
				3A7DD835ABD00B6E1EB4B7E9 /* ReferralView.swift in Sources */,
				381B9D7A5FDC247BF5842BD7 /* League.swift in Sources */,
				5784CFB144B8A8B8F125E293 /* Season.swift in Sources */,
				1862FEEB266B007D90EE906D /* PremiumManager.swift in Sources */,
				22142679272676EC0A4B6390 /* PaywallView.swift in Sources */,
				F2F68EEAB0EBE681AC31987A /* ReadingPath.swift in Sources */,
				E682E9448B04E32CC884A1B3 /* PathsView.swift in Sources */,
				FEE5DEC0A1F933F99DA377C4 /* PathDetailView.swift in Sources */,
				762B6040B03316FC65F455DD /* VocabularyWord.swift in Sources */,
				47C706351E379893C5770B69 /* VocabularyDeckView.swift in Sources */,
				D2F8698F75DDC33F40580BCD /* ReviewSessionView.swift in Sources */,
				C0E486C58FFD4EBAB97782AA /* AudioSyncModels.swift in Sources */,
				741A84012E1F46989A2AA445 /* AudioSyncService.swift in Sources */,
				60569CCD8FFF4DE2B0D12209 /* WordAlignmentEngine.swift in Sources */,
				AA11BB22CC33DD44EE550060 /* TextBlockClassifier.swift in Sources */,
				AA11BB22CC33DD44EE550062 /* AudioBoilerplateGater.swift in Sources */,
				AA11BB22CC33DD44EE550064 /* AudiobookAlignmentService.swift in Sources */,
				11D2F5F6C9E84836A1C93446 /* AudioPlaybackEngine.swift in Sources */,
				EBF0FC3047F14D7EA51CE5A7 /* KaraokeTextView.swift in Sources */,
				DEEA2A7151784EDDAE68132B /* AudioImportSheet.swift in Sources */,
				21B9908C3DCCB21FCE3F43A3 /* PublicProfileView.swift in Sources */,
				54A4AA06F5D59BC3D94CA0CD /* ReadingRecap.swift in Sources */,
				75CC3EAFEC3547DE3F5A2F29 /* BookMemoryIndex.swift in Sources */,
				5632A9B63F6ABCC80AF9B6E2 /* BookRAGService.swift in Sources */,
				CB04C0B3048D8823C104EC0A /* BookRAGServiceV2.swift in Sources */,
				984807F78A60DE3B1AD87CFC /* BookRetrievalTools.swift in Sources */,
				A039FE42964A6F79B0F5EA6A /* CharacterTracker.swift in Sources */,
				ACF1BCE15A677CC21450696D /* FoundationModelService.swift in Sources */,
				1342335D162AAE3AE48FC7F6 /* AskTheBookView.swift in Sources */,
				C6CB6E4A664D7CAFD0F674D8 /* CodexView.swift in Sources */,
				636778EFBA818C5283F4E046 /* DefineWordSheet.swift in Sources */,
				3C48A3D34CC18A017C48CFEA /* ExplainParagraphSheet.swift in Sources */,
				B946B4F3F85F6ED6272D6F30 /* SelectableTextView.swift in Sources */,
				ED272EFEEA29257C0C202CDF /* DiscussionView.swift in Sources */,
				BFBEAB4DE7E418A68731D375 /* ShareHighlightSheet.swift in Sources */,
				62F3D4542F64C9D90020822E /* MiniZIP.swift in Sources */,
				85EED2AF6D660BA3F9848B68 /* ReadingClub.swift in Sources */,
				C828D137429E27C67064B236 /* ReadingClubView.swift in Sources */,
				CB3AAA89648F9A1B8FF02984 /* CloudKitSocialService.swift in Sources */,
				4860903A00211C3B2710058F /* AuthorMetadata.swift in Sources */,
				4048901605701D46633B0810 /* BookDetailView.swift in Sources */,
				5AA3D3E30CF61C1D90F817C1 /* BookHeroSection.swift in Sources */,
				4F09A9953D762816666EC5A5 /* AuthorCard.swift in Sources */,
				AA11BB22CC33DD44EE55FF01 /* BookIntelligence.swift in Sources */,
				AA11BB22CC33DD44EE55FF02 /* BookIntelligenceService.swift in Sources */,
				CC11DD22EE33FF44AA550002 /* SettingsView.swift in Sources */,
				BB11CC22DD33EE44FF550002 /* BundledLibraryScanner.swift in Sources */,
				DD11AA22BB33CC44EE550002 /* DownloadService.swift in Sources */,
				DD11AA22BB33CC44EE550008 /* CoverCacheService.swift in Sources */,
				AA11BB22CC33DD44EE550010 /* AudiobookChapter.swift in Sources */,
				AA11BB22CC33DD44EE550020 /* LibriVoxService.swift in Sources */,
				AA11BB22CC33DD44EE550030 /* AudiobookDownloadService.swift in Sources */,
				AA11BB22CC33DD44EE550040 /* AudiobookPlayerView.swift in Sources */,
				AA11BB22CC33DD44EE550050 /* AudioMiniPlayerView.swift in Sources */,
				DD11AA22BB33CC44EE550004 /* CatalogView.swift in Sources */,
				DD11AA22BB33CC44EE550006 /* DiscoverCatalog.swift in Sources */,
				DD11AA22BB33CC44EE660002 /* GutenbergBookshelf.swift in Sources */,
				62F34CAA2F612FEB00B92831 /* ReadingUnit.swift in Sources */,
				62F34CAB2F612FEB00B92831 /* ProfileView.swift in Sources */,
				62F34CAC2F612FEB00B92831 /* LibraryView.swift in Sources */,
				BB22CC33DD44EE55FF660070 /* AddPhysicalBookView.swift in Sources */,
				BB22CC33DD44EE55FF660072 /* PhysicalBookTrackerView.swift in Sources */,
				62F34CAD2F612FEB00B92831 /* Book.swift in Sources */,
				62F34CAE2F612FEB00B92831 /* FeatureFlags.swift in Sources */,
				62F34CAF2F612FEB00B92831 /* ReactionSheet.swift in Sources */,
				62F34CB02F612FEB00B92831 /* Extensions.swift in Sources */,
				62F34CB12F612FEB00B92831 /* Reaction.swift in Sources */,
				62F34CB22F612FEB00B92831 /* StreakCalculator.swift in Sources */,
				62F34CB32F612FEB00B92831 /* SeedCatalog.swift in Sources */,
				62F34CB42F612FEB00B92831 /* HighlightsView.swift in Sources */,
				62F34CB52F612FEB00B92831 /* IngestionPipeline.swift in Sources */,
				62F34CB62F612FEB00B92831 /* TodayView.swift in Sources */,
				62F34CB72F612FEB00B92831 /* Color+Hex.swift in Sources */,
				62F34CB82F612FEB00B92831 /* Highlight.swift in Sources */,
				62F34CB92F612FEB00B92831 /* SpineApp.swift in Sources */,
				62F34CBA2F612FEB00B92831 /* ReadingProgress.swift in Sources */,
				62F34CBB2F612FEB00B92831 /* OnboardingView.swift in Sources */,
				62F34CBC2F612FEB00B92831 /* EPUBModels.swift in Sources */,
				62F34CBD2F612FEB00B92831 /* EPUBParser.swift in Sources */,
				62F34CBE2F612FEB00B92831 /* SegmentationEngine.swift in Sources */,
				62F34CBF2F612FEB00B92831 /* QuoteSave.swift in Sources */,
				62F34CC02F612FEB00B92831 /* AnalyticsService.swift in Sources */,
				62F34CC12F612FEB00B92831 /* Components.swift in Sources */,
				62F34CC22F612FEB00B92831 /* DailySession.swift in Sources */,
				62F34CC32F612FEB00B92831 /* ReaderView.swift in Sources */,
				62F34CC42F612FEB00B92831 /* ContentNormalizer.swift in Sources */,
				62F34CC52F612FEB00B92831 /* UserSettings.swift in Sources */,
				62F34CC62F612FEB00B92831 /* DesignTokens.swift in Sources */,
				62F34CC72F612FEB00B92831 /* ProgressTracker.swift in Sources */,
				62F34CC82F612FEB00B92831 /* Chapter.swift in Sources */,
				62F34D3002F614A000B92831 /* AchievementGallery.swift in Sources */,
				62F34D3012F614A000B92831 /* CelebrationOverlay.swift in Sources */,
				62F34D3022F614A000B92831 /* XPProgressBar.swift in Sources */,
				62F34D3032F614A000B92831 /* XPToast.swift in Sources */,
				62F34D3042F614A000B92831 /* ForYouView.swift in Sources */,
				62F34D3052F614A000B92831 /* TasteOnboardingView.swift in Sources */,
				62F34D3062F614A000B92831 /* MicroReasonSheet.swift in Sources */,
				62F34D3072F614A000B92831 /* BookInteraction.swift in Sources */,
				62F34D3082F614A000B92831 /* UserTasteProfile.swift in Sources */,
				62F34D3092F614A000B92831 /* XPProfile.swift in Sources */,
				62F34D30A2F614A000B92831 /* AchievementEngine.swift in Sources */,
				62F34D30B2F614A000B92831 /* EmbeddingService.swift in Sources */,
				62F34D30C2F614A000B92831 /* RecommendationService.swift in Sources */,
				62F34D30D2F614A000B92831 /* XPEngine.swift in Sources */,
			);
			runOnlyForDeploymentPostprocessing = 0;
		};
		62F34BB22F612F6900B92831 /* Sources */ = {
			isa = PBXSourcesBuildPhase;
			buildActionMask = 2147483647;
			files = (
				62F34CC92F612FEB00B92831 /* ReadingUnit.swift in Sources */,
				62F34CCA2F612FEB00B92831 /* ProfileView.swift in Sources */,
				62F34CCB2F612FEB00B92831 /* LibraryView.swift in Sources */,
				62F34CCC2F612FEB00B92831 /* Book.swift in Sources */,
				62F34CCD2F612FEB00B92831 /* FeatureFlags.swift in Sources */,
				62F34CCE2F612FEB00B92831 /* ReactionSheet.swift in Sources */,
				62F34CCF2F612FEB00B92831 /* Extensions.swift in Sources */,
				62F34CD02F612FEB00B92831 /* Reaction.swift in Sources */,
				62F34CD12F612FEB00B92831 /* StreakCalculator.swift in Sources */,
				62F34CD22F612FEB00B92831 /* SeedCatalog.swift in Sources */,
				62F34CD32F612FEB00B92831 /* HighlightsView.swift in Sources */,
				62F34CD42F612FEB00B92831 /* IngestionPipeline.swift in Sources */,
				62F34CD52F612FEB00B92831 /* TodayView.swift in Sources */,
				62F34CD62F612FEB00B92831 /* Color+Hex.swift in Sources */,
				62F34CD72F612FEB00B92831 /* Highlight.swift in Sources */,
				62F34CD82F612FEB00B92831 /* SpineApp.swift in Sources */,
				62F34CD92F612FEB00B92831 /* ReadingProgress.swift in Sources */,
				62F34CDA2F612FEB00B92831 /* OnboardingView.swift in Sources */,
				62F34CDB2F612FEB00B92831 /* EPUBModels.swift in Sources */,
				62F34CDC2F612FEB00B92831 /* EPUBParser.swift in Sources */,
				62F34CDD2F612FEB00B92831 /* SegmentationEngine.swift in Sources */,
				62F3D4532F64C9D90020822E /* MiniZIP.swift in Sources */,
				62F34CDE2F612FEB00B92831 /* QuoteSave.swift in Sources */,
				62F34CDF2F612FEB00B92831 /* AnalyticsService.swift in Sources */,
				62F34CE02F612FEB00B92831 /* Components.swift in Sources */,
				62F34CE12F612FEB00B92831 /* DailySession.swift in Sources */,
				62F34CE22F612FEB00B92831 /* ReaderView.swift in Sources */,
				62F34CE32F612FEB00B92831 /* ContentNormalizer.swift in Sources */,
				62F34CE42F612FEB00B92831 /* UserSettings.swift in Sources */,
				62F34CE52F612FEB00B92831 /* DesignTokens.swift in Sources */,
				62F34CE62F612FEB00B92831 /* ProgressTracker.swift in Sources */,
				62F34CE72F612FEB00B92831 /* Chapter.swift in Sources */,
				62F34D4002F614A000B92831 /* AchievementGallery.swift in Sources */,
				62F34D4012F614A000B92831 /* CelebrationOverlay.swift in Sources */,
				62F34D4022F614A000B92831 /* XPProgressBar.swift in Sources */,
				62F34D4032F614A000B92831 /* XPToast.swift in Sources */,
				62F34D4042F614A000B92831 /* ForYouView.swift in Sources */,
				62F34D4052F614A000B92831 /* TasteOnboardingView.swift in Sources */,
				62F34D4062F614A000B92831 /* MicroReasonSheet.swift in Sources */,
				62F34D4072F614A000B92831 /* BookInteraction.swift in Sources */,
				62F34D4082F614A000B92831 /* UserTasteProfile.swift in Sources */,
				62F34D4092F614A000B92831 /* XPProfile.swift in Sources */,
				62F34D40A2F614A000B92831 /* AchievementEngine.swift in Sources */,
				62F34D40B2F614A000B92831 /* EmbeddingService.swift in Sources */,
				62F34D40C2F614A000B92831 /* RecommendationService.swift in Sources */,
				62F34D40D2F614A000B92831 /* XPEngine.swift in Sources */,
			);
			runOnlyForDeploymentPostprocessing = 0;
		};
		62F34BBC2F612F6900B92831 /* Sources */ = {
			isa = PBXSourcesBuildPhase;
			buildActionMask = 2147483647;
			files = (
				62F34CE82F612FEB00B92831 /* ReadingUnit.swift in Sources */,
				62F34CE92F612FEB00B92831 /* ProfileView.swift in Sources */,
				62F34CEA2F612FEB00B92831 /* LibraryView.swift in Sources */,
				62F34CEB2F612FEB00B92831 /* Book.swift in Sources */,
				62F34CEC2F612FEB00B92831 /* FeatureFlags.swift in Sources */,
				62F34CED2F612FEB00B92831 /* ReactionSheet.swift in Sources */,
				62F34CEE2F612FEB00B92831 /* Extensions.swift in Sources */,
				62F34CEF2F612FEB00B92831 /* Reaction.swift in Sources */,
				62F34CF02F612FEB00B92831 /* StreakCalculator.swift in Sources */,
				62F34CF12F612FEB00B92831 /* SeedCatalog.swift in Sources */,
				62F34CF22F612FEB00B92831 /* HighlightsView.swift in Sources */,
				62F34CF32F612FEB00B92831 /* IngestionPipeline.swift in Sources */,
				62F34CF42F612FEB00B92831 /* TodayView.swift in Sources */,
				62F34CF52F612FEB00B92831 /* Color+Hex.swift in Sources */,
				62F34CF62F612FEB00B92831 /* Highlight.swift in Sources */,
				62F34CF72F612FEB00B92831 /* SpineApp.swift in Sources */,
				62F34CF82F612FEB00B92831 /* ReadingProgress.swift in Sources */,
				62F34CF92F612FEB00B92831 /* OnboardingView.swift in Sources */,
				62F34CFA2F612FEB00B92831 /* EPUBModels.swift in Sources */,
				62F34CFB2F612FEB00B92831 /* EPUBParser.swift in Sources */,
				62F34CFC2F612FEB00B92831 /* SegmentationEngine.swift in Sources */,
				62F34CFD2F612FEB00B92831 /* QuoteSave.swift in Sources */,
				62F34CFE2F612FEB00B92831 /* AnalyticsService.swift in Sources */,
				62F34CFF2F612FEB00B92831 /* Components.swift in Sources */,
				62F3D4552F64C9D90020822E /* MiniZIP.swift in Sources */,
				62F34D002F612FEB00B92831 /* DailySession.swift in Sources */,
				62F34D012F612FEB00B92831 /* ReaderView.swift in Sources */,
				62F34D022F612FEB00B92831 /* ContentNormalizer.swift in Sources */,
				62F34D032F612FEB00B92831 /* UserSettings.swift in Sources */,
				62F34D042F612FEB00B92831 /* DesignTokens.swift in Sources */,
				62F34D052F612FEB00B92831 /* ProgressTracker.swift in Sources */,
				62F34D062F612FEB00B92831 /* Chapter.swift in Sources */,
				62F34D5002F614A000B92831 /* AchievementGallery.swift in Sources */,
				62F34D5012F614A000B92831 /* CelebrationOverlay.swift in Sources */,
				62F34D5022F614A000B92831 /* XPProgressBar.swift in Sources */,
				62F34D5032F614A000B92831 /* XPToast.swift in Sources */,
				62F34D5042F614A000B92831 /* ForYouView.swift in Sources */,
				62F34D5052F614A000B92831 /* TasteOnboardingView.swift in Sources */,
				62F34D5062F614A000B92831 /* MicroReasonSheet.swift in Sources */,
				62F34D5072F614A000B92831 /* BookInteraction.swift in Sources */,
				62F34D5082F614A000B92831 /* UserTasteProfile.swift in Sources */,
				62F34D5092F614A000B92831 /* XPProfile.swift in Sources */,
				62F34D50A2F614A000B92831 /* AchievementEngine.swift in Sources */,
				62F34D50B2F614A000B92831 /* EmbeddingService.swift in Sources */,
				62F34D50C2F614A000B92831 /* RecommendationService.swift in Sources */,
				62F34D50D2F614A000B92831 /* XPEngine.swift in Sources */,
			);
			runOnlyForDeploymentPostprocessing = 0;
		};
/* End PBXSourcesBuildPhase section */

/* Begin PBXTargetDependency section */
		62F34BB82F612F6900B92831 /* PBXTargetDependency */ = {
			isa = PBXTargetDependency;
			target = 62F34BA42F612F6800B92831 /* Spine */;
			targetProxy = 62F34BB72F612F6900B92831 /* PBXContainerItemProxy */;
		};
		62F34BC22F612F6900B92831 /* PBXTargetDependency */ = {
			isa = PBXTargetDependency;
			target = 62F34BA42F612F6800B92831 /* Spine */;
			targetProxy = 62F34BC12F612F6900B92831 /* PBXContainerItemProxy */;
		};
/* End PBXTargetDependency section */

/* Begin XCBuildConfiguration section */
		62F34BCA2F612F6900B92831 /* Debug */ = {
			isa = XCBuildConfiguration;
			buildSettings = {
				ASSETCATALOG_COMPILER_APPICON_NAME = AppIcon;
				ASSETCATALOG_COMPILER_GLOBAL_ACCENT_COLOR_NAME = AccentColor;
				CODE_SIGNING_ALLOWED = YES;
				CODE_SIGN_STYLE = Automatic;
				CURRENT_PROJECT_VERSION = 1;
				DEVELOPMENT_TEAM = 69QW62568C;
				ENABLE_PREVIEWS = YES;
				GENERATE_INFOPLIST_FILE = YES;
				INFOPLIST_FILE = Spine/Info.plist;
				INFOPLIST_KEY_UIApplicationSceneManifest_Generation = YES;
				INFOPLIST_KEY_UIApplicationSupportsIndirectInputEvents = YES;
				INFOPLIST_KEY_UILaunchScreen_Generation = YES;
				INFOPLIST_KEY_UISupportedInterfaceOrientations_iPad = "UIInterfaceOrientationPortrait UIInterfaceOrientationPortraitUpsideDown UIInterfaceOrientationLandscapeLeft UIInterfaceOrientationLandscapeRight";
				INFOPLIST_KEY_UISupportedInterfaceOrientations_iPhone = "UIInterfaceOrientationPortrait UIInterfaceOrientationLandscapeLeft UIInterfaceOrientationLandscapeRight";
				LD_RUNPATH_SEARCH_PATHS = (
					"$(inherited)",
					"@executable_path/Frameworks",
				);
				MARKETING_VERSION = 1.0;
				PRODUCT_BUNDLE_IDENTIFIER = wilsebbis.Spine;
				PRODUCT_NAME = "$(TARGET_NAME)";
				STRING_CATALOG_GENERATE_SYMBOLS = YES;
				SWIFT_APPROACHABLE_CONCURRENCY = YES;
				SWIFT_DEFAULT_ACTOR_ISOLATION = MainActor;
				SWIFT_EMIT_LOC_STRINGS = YES;
				SWIFT_UPCOMING_FEATURE_MEMBER_IMPORT_VISIBILITY = YES;
				SWIFT_VERSION = 5.0;
				TARGETED_DEVICE_FAMILY = "1,2";
			};
			name = Debug;
		};
		62F34BCB2F612F6900B92831 /* Release */ = {
			isa = XCBuildConfiguration;
			buildSettings = {
				ASSETCATALOG_COMPILER_APPICON_NAME = AppIcon;
				ASSETCATALOG_COMPILER_GLOBAL_ACCENT_COLOR_NAME = AccentColor;
				CODE_SIGN_STYLE = Automatic;
				CURRENT_PROJECT_VERSION = 1;
				DEVELOPMENT_TEAM = 69QW62568C;
				ENABLE_PREVIEWS = YES;
				GENERATE_INFOPLIST_FILE = YES;
				INFOPLIST_FILE = Spine/Info.plist;
				INFOPLIST_KEY_UIApplicationSceneManifest_Generation = YES;
				INFOPLIST_KEY_UIApplicationSupportsIndirectInputEvents = YES;
				INFOPLIST_KEY_UILaunchScreen_Generation = YES;
				INFOPLIST_KEY_UISupportedInterfaceOrientations_iPad = "UIInterfaceOrientationPortrait UIInterfaceOrientationPortraitUpsideDown UIInterfaceOrientationLandscapeLeft UIInterfaceOrientationLandscapeRight";
				INFOPLIST_KEY_UISupportedInterfaceOrientations_iPhone = "UIInterfaceOrientationPortrait UIInterfaceOrientationLandscapeLeft UIInterfaceOrientationLandscapeRight";
				LD_RUNPATH_SEARCH_PATHS = (
					"$(inherited)",
					"@executable_path/Frameworks",
				);
				MARKETING_VERSION = 1.0;
				PRODUCT_BUNDLE_IDENTIFIER = wilsebbis.Spine;
				PRODUCT_NAME = "$(TARGET_NAME)";
				STRING_CATALOG_GENERATE_SYMBOLS = YES;
				SWIFT_APPROACHABLE_CONCURRENCY = YES;
				SWIFT_DEFAULT_ACTOR_ISOLATION = MainActor;
				SWIFT_EMIT_LOC_STRINGS = YES;
				SWIFT_UPCOMING_FEATURE_MEMBER_IMPORT_VISIBILITY = YES;
				SWIFT_VERSION = 5.0;
				TARGETED_DEVICE_FAMILY = "1,2";
			};
			name = Release;
		};
		62F34BCC2F612F6900B92831 /* Debug */ = {
			isa = XCBuildConfiguration;
			buildSettings = {
				ALWAYS_SEARCH_USER_PATHS = NO;
				ASSETCATALOG_COMPILER_GENERATE_SWIFT_ASSET_SYMBOL_EXTENSIONS = YES;
				CLANG_ANALYZER_NONNULL = YES;
				CLANG_ANALYZER_NUMBER_OBJECT_CONVERSION = YES_AGGRESSIVE;
				CLANG_CXX_LANGUAGE_STANDARD = "gnu++20";
				CLANG_ENABLE_MODULES = YES;
				CLANG_ENABLE_OBJC_ARC = YES;
				CLANG_ENABLE_OBJC_WEAK = YES;
				CLANG_WARN_BLOCK_CAPTURE_AUTORELEASING = YES;
				CLANG_WARN_BOOL_CONVERSION = YES;
				CLANG_WARN_COMMA = YES;
				CLANG_WARN_CONSTANT_CONVERSION = YES;
				CLANG_WARN_DEPRECATED_OBJC_IMPLEMENTATIONS = YES;
				CLANG_WARN_DIRECT_OBJC_ISA_USAGE = YES_ERROR;
				CLANG_WARN_DOCUMENTATION_COMMENTS = YES;
				CLANG_WARN_EMPTY_BODY = YES;
				CLANG_WARN_ENUM_CONVERSION = YES;
				CLANG_WARN_INFINITE_RECURSION = YES;
				CLANG_WARN_INT_CONVERSION = YES;
				CLANG_WARN_NON_LITERAL_NULL_CONVERSION = YES;
				CLANG_WARN_OBJC_IMPLICIT_RETAIN_SELF = YES;
				CLANG_WARN_OBJC_LITERAL_CONVERSION = YES;
				CLANG_WARN_OBJC_ROOT_CLASS = YES_ERROR;
				CLANG_WARN_QUOTED_INCLUDE_IN_FRAMEWORK_HEADER = YES;
				CLANG_WARN_RANGE_LOOP_ANALYSIS = YES;
				CLANG_WARN_STRICT_PROTOTYPES = YES;
				CLANG_WARN_SUSPICIOUS_MOVE = YES;
				CLANG_WARN_UNGUARDED_AVAILABILITY = YES_AGGRESSIVE;
				CLANG_WARN_UNREACHABLE_CODE = YES;
				CLANG_WARN__DUPLICATE_METHOD_MATCH = YES;
				CODE_SIGNING_ALLOWED = YES;
				CODE_SIGNING_REQUIRED = YES;
				COPY_PHASE_STRIP = NO;
				DEBUG_INFORMATION_FORMAT = dwarf;
				DEVELOPMENT_TEAM = 69QW62568C;
				ENABLE_STRICT_OBJC_MSGSEND = YES;
				ENABLE_TESTABILITY = YES;
				ENABLE_USER_SCRIPT_SANDBOXING = YES;
				GCC_C_LANGUAGE_STANDARD = gnu17;
				GCC_DYNAMIC_NO_PIC = NO;
				GCC_NO_COMMON_BLOCKS = YES;
				GCC_OPTIMIZATION_LEVEL = 0;
				GCC_PREPROCESSOR_DEFINITIONS = (
					"DEBUG=1",
					"$(inherited)",
				);
				GCC_WARN_64_TO_32_BIT_CONVERSION = YES;
				GCC_WARN_ABOUT_RETURN_TYPE = YES_ERROR;
				GCC_WARN_UNDECLARED_SELECTOR = YES;
				GCC_WARN_UNINITIALIZED_AUTOS = YES_AGGRESSIVE;
				GCC_WARN_UNUSED_FUNCTION = YES;
				GCC_WARN_UNUSED_VARIABLE = YES;
				IPHONEOS_DEPLOYMENT_TARGET = 26.2;
				LOCALIZATION_PREFERS_STRING_CATALOGS = YES;
				MTL_ENABLE_DEBUG_INFO = INCLUDE_SOURCE;
				MTL_FAST_MATH = YES;
				ONLY_ACTIVE_ARCH = YES;
				SDKROOT = iphoneos;
				SWIFT_ACTIVE_COMPILATION_CONDITIONS = "DEBUG $(inherited)";
				SWIFT_OPTIMIZATION_LEVEL = "-Onone";
			};
			name = Debug;
		};
		62F34BCD2F612F6900B92831 /* Release */ = {
			isa = XCBuildConfiguration;
			buildSettings = {
				ALWAYS_SEARCH_USER_PATHS = NO;
				ASSETCATALOG_COMPILER_GENERATE_SWIFT_ASSET_SYMBOL_EXTENSIONS = YES;
				CLANG_ANALYZER_NONNULL = YES;
				CLANG_ANALYZER_NUMBER_OBJECT_CONVERSION = YES_AGGRESSIVE;
				CLANG_CXX_LANGUAGE_STANDARD = "gnu++20";
				CLANG_ENABLE_MODULES = YES;
				CLANG_ENABLE_OBJC_ARC = YES;
				CLANG_ENABLE_OBJC_WEAK = YES;
				CLANG_WARN_BLOCK_CAPTURE_AUTORELEASING = YES;
				CLANG_WARN_BOOL_CONVERSION = YES;
				CLANG_WARN_COMMA = YES;
				CLANG_WARN_CONSTANT_CONVERSION = YES;
				CLANG_WARN_DEPRECATED_OBJC_IMPLEMENTATIONS = YES;
				CLANG_WARN_DIRECT_OBJC_ISA_USAGE = YES_ERROR;
				CLANG_WARN_DOCUMENTATION_COMMENTS = YES;
				CLANG_WARN_EMPTY_BODY = YES;
				CLANG_WARN_ENUM_CONVERSION = YES;
				CLANG_WARN_INFINITE_RECURSION = YES;
				CLANG_WARN_INT_CONVERSION = YES;
				CLANG_WARN_NON_LITERAL_NULL_CONVERSION = YES;
				CLANG_WARN_OBJC_IMPLICIT_RETAIN_SELF = YES;
				CLANG_WARN_OBJC_LITERAL_CONVERSION = YES;
				CLANG_WARN_OBJC_ROOT_CLASS = YES_ERROR;
				CLANG_WARN_QUOTED_INCLUDE_IN_FRAMEWORK_HEADER = YES;
				CLANG_WARN_RANGE_LOOP_ANALYSIS = YES;
				CLANG_WARN_STRICT_PROTOTYPES = YES;
				CLANG_WARN_SUSPICIOUS_MOVE = YES;
				CLANG_WARN_UNGUARDED_AVAILABILITY = YES_AGGRESSIVE;
				CLANG_WARN_UNREACHABLE_CODE = YES;
				CLANG_WARN__DUPLICATE_METHOD_MATCH = YES;
				CODE_SIGNING_ALLOWED = YES;
				CODE_SIGNING_REQUIRED = YES;
				COPY_PHASE_STRIP = NO;
				DEBUG_INFORMATION_FORMAT = "dwarf-with-dsym";
				DEVELOPMENT_TEAM = 69QW62568C;
				ENABLE_NS_ASSERTIONS = NO;
				ENABLE_STRICT_OBJC_MSGSEND = YES;
				ENABLE_USER_SCRIPT_SANDBOXING = YES;
				GCC_C_LANGUAGE_STANDARD = gnu17;
				GCC_NO_COMMON_BLOCKS = YES;
				GCC_WARN_64_TO_32_BIT_CONVERSION = YES;
				GCC_WARN_ABOUT_RETURN_TYPE = YES_ERROR;
				GCC_WARN_UNDECLARED_SELECTOR = YES;
				GCC_WARN_UNINITIALIZED_AUTOS = YES_AGGRESSIVE;
				GCC_WARN_UNUSED_FUNCTION = YES;
				GCC_WARN_UNUSED_VARIABLE = YES;
				IPHONEOS_DEPLOYMENT_TARGET = 26.2;
				LOCALIZATION_PREFERS_STRING_CATALOGS = YES;
				MTL_ENABLE_DEBUG_INFO = NO;
				MTL_FAST_MATH = YES;
				ONLY_ACTIVE_ARCH = YES;
				SDKROOT = iphoneos;
				SWIFT_COMPILATION_MODE = wholemodule;
				VALIDATE_PRODUCT = YES;
			};
			name = Release;
		};
		62F34BCF2F612F6900B92831 /* Debug */ = {
			isa = XCBuildConfiguration;
			buildSettings = {
				BUNDLE_LOADER = "$(TEST_HOST)";
				CODE_SIGN_STYLE = Automatic;
				CURRENT_PROJECT_VERSION = 1;
				DEVELOPMENT_TEAM = 69QW62568C;
				GENERATE_INFOPLIST_FILE = YES;
				IPHONEOS_DEPLOYMENT_TARGET = 26.2;
				MARKETING_VERSION = 1.0;
				PRODUCT_BUNDLE_IDENTIFIER = wilsebbis.SpineTests;
				PRODUCT_NAME = "$(TARGET_NAME)";
				STRING_CATALOG_GENERATE_SYMBOLS = NO;
				SWIFT_APPROACHABLE_CONCURRENCY = YES;
				SWIFT_EMIT_LOC_STRINGS = NO;
				SWIFT_UPCOMING_FEATURE_MEMBER_IMPORT_VISIBILITY = YES;
				SWIFT_VERSION = 5.0;
				TARGETED_DEVICE_FAMILY = "1,2";
				TEST_HOST = "$(BUILT_PRODUCTS_DIR)/Spine.app/$(BUNDLE_EXECUTABLE_FOLDER_PATH)/Spine";
			};
			name = Debug;
		};
		62F34BD02F612F6900B92831 /* Release */ = {
			isa = XCBuildConfiguration;
			buildSettings = {
				BUNDLE_LOADER = "$(TEST_HOST)";
				CODE_SIGN_STYLE = Automatic;
				CURRENT_PROJECT_VERSION = 1;
				DEVELOPMENT_TEAM = 69QW62568C;
				GENERATE_INFOPLIST_FILE = YES;
				IPHONEOS_DEPLOYMENT_TARGET = 26.2;
				MARKETING_VERSION = 1.0;
				PRODUCT_BUNDLE_IDENTIFIER = wilsebbis.SpineTests;
				PRODUCT_NAME = "$(TARGET_NAME)";
				STRING_CATALOG_GENERATE_SYMBOLS = NO;
				SWIFT_APPROACHABLE_CONCURRENCY = YES;
				SWIFT_EMIT_LOC_STRINGS = NO;
				SWIFT_UPCOMING_FEATURE_MEMBER_IMPORT_VISIBILITY = YES;
				SWIFT_VERSION = 5.0;
				TARGETED_DEVICE_FAMILY = "1,2";
				TEST_HOST = "$(BUILT_PRODUCTS_DIR)/Spine.app/$(BUNDLE_EXECUTABLE_FOLDER_PATH)/Spine";
			};
			name = Release;
		};
		62F34BD22F612F6900B92831 /* Debug */ = {
			isa = XCBuildConfiguration;
			buildSettings = {
				CODE_SIGN_STYLE = Automatic;
				CURRENT_PROJECT_VERSION = 1;
				DEVELOPMENT_TEAM = 69QW62568C;
				GENERATE_INFOPLIST_FILE = YES;
				MARKETING_VERSION = 1.0;
				PRODUCT_BUNDLE_IDENTIFIER = wilsebbis.SpineUITests;
				PRODUCT_NAME = "$(TARGET_NAME)";
				STRING_CATALOG_GENERATE_SYMBOLS = NO;
				SWIFT_APPROACHABLE_CONCURRENCY = YES;
				SWIFT_EMIT_LOC_STRINGS = NO;
				SWIFT_UPCOMING_FEATURE_MEMBER_IMPORT_VISIBILITY = YES;
				SWIFT_VERSION = 5.0;
				TARGETED_DEVICE_FAMILY = "1,2";
				TEST_TARGET_NAME = Spine;
			};
			name = Debug;
		};
		62F34BD32F612F6900B92831 /* Release */ = {
			isa = XCBuildConfiguration;
			buildSettings = {
				CODE_SIGN_STYLE = Automatic;
				CURRENT_PROJECT_VERSION = 1;
				DEVELOPMENT_TEAM = 69QW62568C;
				GENERATE_INFOPLIST_FILE = YES;
				MARKETING_VERSION = 1.0;
				PRODUCT_BUNDLE_IDENTIFIER = wilsebbis.SpineUITests;
				PRODUCT_NAME = "$(TARGET_NAME)";
				STRING_CATALOG_GENERATE_SYMBOLS = NO;
				SWIFT_APPROACHABLE_CONCURRENCY = YES;
				SWIFT_EMIT_LOC_STRINGS = NO;
				SWIFT_UPCOMING_FEATURE_MEMBER_IMPORT_VISIBILITY = YES;
				SWIFT_VERSION = 5.0;
				TARGETED_DEVICE_FAMILY = "1,2";
				TEST_TARGET_NAME = Spine;
			};
			name = Release;
		};
/* End XCBuildConfiguration section */

/* Begin XCConfigurationList section */
		62F34BA02F612F6800B92831 /* Build configuration list for PBXProject "Spine" */ = {
			isa = XCConfigurationList;
			buildConfigurations = (
				62F34BCC2F612F6900B92831 /* Debug */,
				62F34BCD2F612F6900B92831 /* Release */,
			);
			defaultConfigurationIsVisible = 0;
			defaultConfigurationName = Release;
		};
		62F34BC92F612F6900B92831 /* Build configuration list for PBXNativeTarget "Spine" */ = {
			isa = XCConfigurationList;
			buildConfigurations = (
				62F34BCA2F612F6900B92831 /* Debug */,
				62F34BCB2F612F6900B92831 /* Release */,
			);
			defaultConfigurationIsVisible = 0;
			defaultConfigurationName = Release;
		};
		62F34BCE2F612F6900B92831 /* Build configuration list for PBXNativeTarget "SpineTests" */ = {
			isa = XCConfigurationList;
			buildConfigurations = (
				62F34BCF2F612F6900B92831 /* Debug */,
				62F34BD02F612F6900B92831 /* Release */,
			);
			defaultConfigurationIsVisible = 0;
			defaultConfigurationName = Release;
		};
		62F34BD12F612F6900B92831 /* Build configuration list for PBXNativeTarget "SpineUITests" */ = {
			isa = XCConfigurationList;
			buildConfigurations = (
				62F34BD22F612F6900B92831 /* Debug */,
				62F34BD32F612F6900B92831 /* Release */,
			);
			defaultConfigurationIsVisible = 0;
			defaultConfigurationName = Release;
		};
/* End XCConfigurationList section */
	};
	rootObject = 62F34B9D2F612F6800B92831 /* Project object */;
}
